<?xml version="1.0" encoding="utf-8"?>
<Project ToolsVersion="4.0" xmlns="http://schemas.microsoft.com/developer/msbuild/2003">
  <ItemGroup>
    <Filter Include="Resource Files">
      <UniqueIdentifier>{67DA6AB6-F800-4c08-8B7A-83BB121AAD01}</UniqueIdentifier>
      <Extensions>rc;ico;cur;bmp;dlg;rc2;rct;bin;rgs;gif;jpg;jpeg;jpe;resx;tiff;tif;png;wav;mfcribbon-ms</Extensions>
    </Filter>
    <Filter Include="Source">
      <UniqueIdentifier>{9fb839d4-1b52-46d4-9c36-0bb35f17e5ed}</UniqueIdentifier>
    </Filter>
    <Filter Include="Source\Public">
      <UniqueIdentifier>{4247c4ba-9805-429a-a0be-f2e3cfe4b37e}</UniqueIdentifier>
    </Filter>
    <Filter Include="Source\Private">
      <UniqueIdentifier>{490daf2d-47db-4d1c-bfe2-2dee112ff1be}</UniqueIdentifier>
    </Filter>
    <Filter Include="Source\Public\Core">
      <UniqueIdentifier>{6d3c8c0e-ea04-464c-8262-30f86c4cc7c9}</UniqueIdentifier>
    </Filter>
    <Filter Include="Source\Public\Core\Log">
      <UniqueIdentifier>{e0b4d1a9-9a3f-4823-ae95-f62f1e96e402}</UniqueIdentifier>
    </Filter>
    <Filter Include="Source\Public\Core\HAL">
      <UniqueIdentifier>{68be810a-a26a-425b-9743-835d059b267a}</UniqueIdentifier>
    </Filter>
    <Filter Include="Source\Public\Core\Windows">
      <UniqueIdentifier>{84257e48-df55-41cf-9e4b-40d73dd5b4c4}</UniqueIdentifier>
    </Filter>
    <Filter Include="Source\Public\Core\Containers">
      <UniqueIdentifier>{864690bd-91ce-462f-81fe-53f49d5c599e}</UniqueIdentifier>
    </Filter>
    <Filter Include="Source\Private\Core">
      <UniqueIdentifier>{a9bf75b9-1e59-47e9-ab6e-ece595ff0e01}</UniqueIdentifier>
    </Filter>
    <Filter Include="Source\Private\Core\Log">
      <UniqueIdentifier>{73ddd38c-9e3c-4195-b473-da1a2def9b24}</UniqueIdentifier>
    </Filter>
    <Filter Include="Source\Private\Windows">
      <UniqueIdentifier>{d67f41ee-ac11-495a-a755-5269490359f0}</UniqueIdentifier>
    </Filter>
    <Filter Include="Source\Public\Core\Time">
      <UniqueIdentifier>{3a1fcdca-7c11-4ee3-bc07-ff341259b92a}</UniqueIdentifier>
    </Filter>
    <Filter Include="Source\Private\Core\Time">
      <UniqueIdentifier>{7924712d-f235-4628-8517-765b2c775cb7}</UniqueIdentifier>
    </Filter>
    <Filter Include="Source\Public\Core\Memory">
      <UniqueIdentifier>{df1ffad5-5936-40fa-bb66-9a99da319b2c}</UniqueIdentifier>
    </Filter>
    <Filter Include="Source\Private\Core\Memory">
      <UniqueIdentifier>{1ededc4f-9ff7-488b-a37b-dde9c2bcaf11}</UniqueIdentifier>
    </Filter>
    <Filter Include="Source\Public\Core\Memory\Allocators">
      <UniqueIdentifier>{77cd16e3-7a9e-449a-86ab-f7aad1218b97}</UniqueIdentifier>
    </Filter>
    <Filter Include="Source\Private\Core\Memory\Allocators">
      <UniqueIdentifier>{d2bece37-6f5c-4aff-bb16-2d4b6e712367}</UniqueIdentifier>
    </Filter>
    <Filter Include="Source\Private\Core\HAL">
      <UniqueIdentifier>{3db15413-a897-4b79-9ee2-743a4241dd39}</UniqueIdentifier>
    </Filter>
    <Filter Include="Source\Public\Core\Math">
      <UniqueIdentifier>{d75860d8-f77a-408a-a990-bb1f466d2177}</UniqueIdentifier>
    </Filter>
    <Filter Include="Source\Public\Automation">
      <UniqueIdentifier>{0b35452c-84aa-4f23-8114-6249bd8b2375}</UniqueIdentifier>
    </Filter>
    <Filter Include="Source\Private\Automation">
      <UniqueIdentifier>{b761ad88-ad98-4751-b849-a60ca5087c02}</UniqueIdentifier>
    </Filter>
    <Filter Include="Source\Private\Core\Memory\Allocators\Tests">
      <UniqueIdentifier>{a442219f-ab23-4efc-95d2-53f0e2dd3efa}</UniqueIdentifier>
    </Filter>
  </ItemGroup>
  <ItemGroup>
    <ClCompile Include="Source\Private\Main.cpp">
      <Filter>Source\Private</Filter>
    </ClCompile>
    <ClCompile Include="Source\Private\Core\Name.cpp">
      <Filter>Source\Private\Core</Filter>
    </ClCompile>
    <ClCompile Include="Source\Private\Core\Log\Log.cpp">
      <Filter>Source\Private\Core\Log</Filter>
    </ClCompile>
    <ClCompile Include="Source\Private\Core\Log\OutputDeviceManager.cpp">
      <Filter>Source\Private\Core\Log</Filter>
    </ClCompile>
    <ClCompile Include="Source\Private\Core\Windows\WindowsDebugOutput.cpp">
      <Filter>Source\Private\Windows</Filter>
    </ClCompile>
    <ClCompile Include="Source\Private\Core\Time\Time.cpp">
      <Filter>Source\Private\Core\Time</Filter>
    </ClCompile>
    <ClCompile Include="Source\Private\Core\Windows\WindowsMemory.cpp">
      <Filter>Source\Private\Windows</Filter>
    </ClCompile>
    <ClCompile Include="Source\Private\Core\Memory\Memory.cpp">
      <Filter>Source\Private\Core\Memory</Filter>
    </ClCompile>
    <ClCompile Include="Source\Private\Core\Memory\VirtualMemory.cpp">
      <Filter>Source\Private\Core\Memory</Filter>
    </ClCompile>
    <ClCompile Include="Source\Private\Core\Memory\Allocators\LinearAllocator.cpp">
      <Filter>Source\Private\Core\Memory\Allocators</Filter>
    </ClCompile>
    <ClCompile Include="Source\Private\Core\Windows\WindowsMisc.cpp">
      <Filter>Source\Private\Windows</Filter>
    </ClCompile>
    <ClCompile Include="Source\Private\Core\HAL\Misc.cpp">
      <Filter>Source\Private\Core\HAL</Filter>
    </ClCompile>
    <ClCompile Include="Source\Private\Core\Memory\Allocators\StackAllocator.cpp">
      <Filter>Source\Private\Core\Memory\Allocators</Filter>
    </ClCompile>
    <ClCompile Include="Source\Private\Core\Memory\Allocators\PoolAllocator.cpp">
      <Filter>Source\Private\Core\Memory\Allocators</Filter>
    </ClCompile>
    <ClCompile Include="Source\Private\Core\Memory\Allocators\TLSFAllocator.cpp">
      <Filter>Source\Private\Core\Memory\Allocators</Filter>
    </ClCompile>
    <ClCompile Include="Source\Private\Core\Memory\Allocators\HeapAllocator.cpp">
      <Filter>Source\Private\Core\Memory\Allocators</Filter>
    </ClCompile>
    <ClCompile Include="Source\Private\Automation\AutomationTestManager.cpp">
      <Filter>Source\Private\Automation</Filter>
    </ClCompile>
    <ClCompile Include="Source\Private\Automation\AutomationTest.cpp">
      <Filter>Source\Private\Automation</Filter>
    </ClCompile>
    <ClCompile Include="Source\Private\Automation\AutomationTestExample.cpp">
      <Filter>Source\Private\Automation</Filter>
    </ClCompile>
    <ClCompile Include="Source\Private\Core\Memory\Allocators\Tests\TLSFAutomationTest.cpp">
      <Filter>Source\Private\Core\Memory\Allocators\Tests</Filter>
    </ClCompile>
  </ItemGroup>
  <ItemGroup>
    <ClInclude Include="Source\Public\Core\Log\Log.h">
      <Filter>Source\Public\Core\Log</Filter>
    </ClInclude>
    <ClInclude Include="Source\Public\Core\HAL\PlatformTypes.h">
      <Filter>Source\Public\Core\HAL</Filter>
    </ClInclude>
    <ClInclude Include="Source\Public\Core\Windows\WindowsTypes.h">
      <Filter>Source\Public\Core\Windows</Filter>
    </ClInclude>
    <ClInclude Include="Source\Public\Core\Containers\Map.h">
      <Filter>Source\Public\Core\Containers</Filter>
    </ClInclude>
    <ClInclude Include="Source\Public\Core\Name.h">
      <Filter>Source\Public\Core</Filter>
    </ClInclude>
    <ClInclude Include="Source\Public\Core\Build.h">
      <Filter>Source\Public\Core</Filter>
    </ClInclude>
    <ClInclude Include="Source\Public\Core\Containers\Vector.h">
      <Filter>Source\Public\Core\Containers</Filter>
    </ClInclude>
    <ClInclude Include="Source\Public\Core\Containers\Set.h">
      <Filter>Source\Public\Core\Containers</Filter>
    </ClInclude>
    <ClInclude Include="Source\Public\Core\Log\OutputDeviceManager.h">
      <Filter>Source\Public\Core\Log</Filter>
    </ClInclude>
    <ClInclude Include="Source\Public\Core\Log\OutputDevice.h">
      <Filter>Source\Public\Core\Log</Filter>
    </ClInclude>
    <ClInclude Include="Source\Public\Core\Windows\WindowsDebugOutput.h">
      <Filter>Source\Public\Core\Windows</Filter>
    </ClInclude>
    <ClInclude Include="Source\Public\Core\Log\LogMacros.h">
      <Filter>Source\Public\Core\Log</Filter>
    </ClInclude>
    <ClInclude Include="Source\Public\Core\Time\Time.h">
      <Filter>Source\Public\Core\Time</Filter>
    </ClInclude>
    <ClInclude Include="Source\Public\Core\Memory\Memory.h">
      <Filter>Source\Public\Core\Memory</Filter>
    </ClInclude>
    <ClInclude Include="Source\Public\Core\Windows\WindowsMemory.h">
      <Filter>Source\Public\Core\Windows</Filter>
    </ClInclude>
    <ClInclude Include="Source\Public\Core\Memory\VirtualMemory.h">
      <Filter>Source\Public\Core\Memory</Filter>
    </ClInclude>
    <ClInclude Include="Source\Public\Core\HAL\BasicTypes.h">
      <Filter>Source\Public\Core\HAL</Filter>
    </ClInclude>
    <ClInclude Include="Source\Public\Core\Memory\Allocators\LinearAllocator.h">
      <Filter>Source\Public\Core\Memory\Allocators</Filter>
    </ClInclude>
    <ClInclude Include="Source\Public\Core\Windows\WindowsMisc.h">
      <Filter>Source\Public\Core\Windows</Filter>
    </ClInclude>
    <ClInclude Include="Source\Public\Core\HAL\Misc.h">
      <Filter>Source\Public\Core\HAL</Filter>
    </ClInclude>
    <ClInclude Include="Source\Public\Core\Memory\Allocators\StackAllocator.h">
      <Filter>Source\Public\Core\Memory\Allocators</Filter>
    </ClInclude>
    <ClInclude Include="Source\Public\Core\Memory\Allocators\PoolAllocator.h">
      <Filter>Source\Public\Core\Memory\Allocators</Filter>
    </ClInclude>
    <ClInclude Include="Source\Public\Core\Memory\Allocators\TLSFAllocator.h">
      <Filter>Source\Public\Core\Memory\Allocators</Filter>
    </ClInclude>
    <ClInclude Include="Source\Public\Core\Math\Math.h">
      <Filter>Source\Public\Core\Math</Filter>
    </ClInclude>
    <ClInclude Include="Source\Public\Core\Memory\Allocators\HeapAllocator.h">
      <Filter>Source\Public\Core\Memory\Allocators</Filter>
    </ClInclude>
    <ClInclude Include="Source\Public\Automation\AutomationTest.h">
      <Filter>Source\Public\Automation</Filter>
    </ClInclude>
    <ClInclude Include="Source\Public\Automation\AutomationTestManager.h">
      <Filter>Source\Public\Automation</Filter>
    </ClInclude>
  </ItemGroup>
</Project>