<?xml version="1.0" encoding="utf-8"?>
<Project ToolsVersion="4.0" xmlns="http://schemas.microsoft.com/developer/msbuild/2003">
  <ItemGroup>
    <Filter Include="Resource Files">
      <UniqueIdentifier>{67DA6AB6-F800-4c08-8B7A-83BB121AAD01}</UniqueIdentifier>
      <Extensions>rc;ico;cur;bmp;dlg;rc2;rct;bin;rgs;gif;jpg;jpeg;jpe;resx;tiff;tif;png;wav;mfcribbon-ms</Extensions>
    </Filter>
    <Filter Include="Source">
      <UniqueIdentifier>{9fb839d4-1b52-46d4-9c36-0bb35f17e5ed}</UniqueIdentifier>
    </Filter>
    <Filter Include="Source\Public">
      <UniqueIdentifier>{4247c4ba-9805-429a-a0be-f2e3cfe4b37e}</UniqueIdentifier>
    </Filter>
    <Filter Include="Source\Private">
      <UniqueIdentifier>{490daf2d-47db-4d1c-bfe2-2dee112ff1be}</UniqueIdentifier>
    </Filter>
    <Filter Include="Source\Public\Automation">
      <UniqueIdentifier>{0b35452c-84aa-4f23-8114-6249bd8b2375}</UniqueIdentifier>
    </Filter>
    <Filter Include="Source\Private\Automation">
      <UniqueIdentifier>{b761ad88-ad98-4751-b849-a60ca5087c02}</UniqueIdentifier>
    </Filter>
    <Filter Include="Source\Public\Engine">
      <UniqueIdentifier>{b09d64d9-3b96-49ab-8eb2-c0656e379eb7}</UniqueIdentifier>
    </Filter>
    <Filter Include="Source\Private\Engine">
      <UniqueIdentifier>{3aa85fc2-703c-4bbe-9bd6-af651785437c}</UniqueIdentifier>
    </Filter>
    <Filter Include="Source\Public\Rendering">
      <UniqueIdentifier>{8b5bcc7c-ff3a-4c14-b7a9-d8b252b1f037}</UniqueIdentifier>
    </Filter>
    <Filter Include="Source\Private\Rendering">
      <UniqueIdentifier>{9a6897db-f1ea-4bc6-8a0b-9b8fd1f7c127}</UniqueIdentifier>
    </Filter>
    <Filter Include="Source\Public\Rendering\D3D11">
      <UniqueIdentifier>{5ce66062-3b63-43cc-ae1d-9a0dd11f8df6}</UniqueIdentifier>
    </Filter>
    <Filter Include="Source\Private\Rendering\D3D11">
      <UniqueIdentifier>{c8e78631-22bc-4e9e-b329-6e51c0a02ae3}</UniqueIdentifier>
    </Filter>
    <Filter Include="Source\Public\ImGui">
      <UniqueIdentifier>{bf543068-d3f4-4f28-9ac0-e05953542635}</UniqueIdentifier>
    </Filter>
    <Filter Include="Source\Private\ImGui">
      <UniqueIdentifier>{9985bd94-fe71-4a31-8a80-d346f7b4a6f2}</UniqueIdentifier>
    </Filter>
    <Filter Include="Source\External">
      <UniqueIdentifier>{9c7933e8-9ead-424b-a738-80d9eced2b1e}</UniqueIdentifier>
    </Filter>
    <Filter Include="Source\Public\Editor">
      <UniqueIdentifier>{1b38f499-5acf-47eb-bce7-62b915568a1d}</UniqueIdentifier>
    </Filter>
    <Filter Include="Source\Private\Editor">
      <UniqueIdentifier>{0f3336e1-8d64-4610-b6cc-4a09bcb50353}</UniqueIdentifier>
    </Filter>
    <Filter Include="Source\Public\Rendering\Vulkan">
      <UniqueIdentifier>{86fd722b-bfc2-41a0-afa1-e7deefe95cef}</UniqueIdentifier>
    </Filter>
    <Filter Include="Source\Private\Rendering\Vulkan">
      <UniqueIdentifier>{411fbd09-4390-4085-8d0a-3e556dd9d148}</UniqueIdentifier>
    </Filter>
    <Filter Include="imgui">
      <UniqueIdentifier>{7e22bfd7-bf0e-41b5-a31c-f93e98e2349b}</UniqueIdentifier>
    </Filter>
    <Filter Include="shaders">
      <UniqueIdentifier>{3afe83b9-5dfa-4d6e-b4ab-fa9b76016c31}</UniqueIdentifier>
    </Filter>
    <Filter Include="scripts">
      <UniqueIdentifier>{6412df33-04ba-48bc-8bd1-d54e232dbb1e}</UniqueIdentifier>
    </Filter>
  </ItemGroup>
  <ItemGroup>
    <ClCompile Include="Source\Private\Main.cpp">
      <Filter>Source\Private</Filter>
    </ClCompile>
    <ClCompile Include="Source\Private\Automation\AutomationTestManager.cpp">
      <Filter>Source\Private\Automation</Filter>
    </ClCompile>
    <ClCompile Include="Source\Private\Automation\AutomationTest.cpp">
      <Filter>Source\Private\Automation</Filter>
    </ClCompile>
    <ClCompile Include="Source\Private\Automation\AutomationTestExample.cpp">
      <Filter>Source\Private\Automation</Filter>
    </ClCompile>
    <ClCompile Include="Source\Private\Engine\Engine.cpp">
      <Filter>Source\Private\Engine</Filter>
    </ClCompile>
    <ClCompile Include="Source\Private\Rendering\D3D11\D3D11.cpp">
      <Filter>Source\Private\Rendering\D3D11</Filter>
    </ClCompile>
    <ClCompile Include="Source\Private\ImGui\ImGuiWrapper.cpp">
      <Filter>Source\Private\ImGui</Filter>
    </ClCompile>
    <ClCompile Include="Source\Private\Znpch.cpp">
      <Filter>Source\Private</Filter>
    </ClCompile>
    <ClCompile Include="Source\Private\Rendering\Vulkan\VulkanDevice.cpp">
      <Filter>Source\Private\Rendering\Vulkan</Filter>
    </ClCompile>
    <ClCompile Include="Source\Private\Application\Window.cpp">
      <Filter>Source\Private\Engine</Filter>
    </ClCompile>
    <ClCompile Include="Source\Private\Rendering\Vulkan\VulkanPipeline.cpp">
      <Filter>Source\Private\Rendering\Vulkan</Filter>
    </ClCompile>
    <ClCompile Include="Source\Private\Rendering\Vulkan\VulkanTypes.cpp">
      <Filter>Source\Private\Rendering\Vulkan</Filter>
    </ClCompile>
    <ClCompile Include="Source\Private\Rendering\Renderer.cpp" />
    <ClCompile Include="Source\Private\Rendering\Vulkan\VulkanRenderer.cpp" />
    <ClCompile Include="Source\Private\Engine\Camera.cpp" />
    <ClCompile Include="Source\Private\Engine\EngineFrontend.cpp" />
    <ClCompile Include="Source\Private\Application\Application.cpp" />
    <ClCompile Include="Source\ThirdParty\imgui\backends\imgui_impl_sdl.cpp" />
    <ClCompile Include="Source\ThirdParty\imgui\backends\imgui_impl_vulkan.cpp" />
    <ClCompile Include="Source\ThirdParty\imgui\imgui.cpp" />
    <ClCompile Include="Source\ThirdParty\imgui\imgui_demo.cpp" />
    <ClCompile Include="Source\ThirdParty\imgui\imgui_draw.cpp" />
    <ClCompile Include="Source\ThirdParty\imgui\imgui_tables.cpp" />
    <ClCompile Include="Source\ThirdParty\imgui\imgui_widgets.cpp" />
    <ClCompile Include="Source\ThirdParty\tracy\public\TracyClient.cpp" />
    <ClCompile Include="Source\Private\Rendering\Vulkan\VulkanMaterialManager.cpp" />
    <ClCompile Include="Source\Private\Engine\Importer\TextureImporter.cpp" />
    <ClCompile Include="Source\Private\Rendering\RHI\Vulkan.cpp" />
    <ClCompile Include="Source\Private\Engine\Importer\MeshImporter.cpp" />
    <ClCompile Include="Source\Private\Engine\Importer\MeshImporter_Obj.cpp" />
    <ClCompile Include="Source\Private\Engine\Importer\MeshImporter_GLTF.cpp" />
  </ItemGroup>
  <ItemGroup>
    <ClInclude Include="Source\Public\Automation\AutomationTest.h">
      <Filter>Source\Public\Automation</Filter>
    </ClInclude>
    <ClInclude Include="Source\Public\Automation\AutomationTestManager.h">
      <Filter>Source\Public\Automation</Filter>
    </ClInclude>
    <ClInclude Include="Source\Public\Engine\Engine.h">
      <Filter>Source\Public\Engine</Filter>
    </ClInclude>
    <ClInclude Include="Source\Public\Application\Window.h">
      <Filter>Source\Public\Engine</Filter>
    </ClInclude>
    <ClInclude Include="Source\Public\Rendering\D3D11\D3D11.h">
      <Filter>Source\Public\Rendering\D3D11</Filter>
    </ClInclude>
    <ClInclude Include="Source\Public\ImGui\ImGuiWrapper.h">
      <Filter>Source\Public\ImGui</Filter>
    </ClInclude>
    <ClInclude Include="Source\Public\Znpch.h">
      <Filter>Source\Public</Filter>
    </ClInclude>
    <ClInclude Include="Source\Public\Rendering\Vulkan\VulkanDevice.h">
      <Filter>Source\Public\Rendering\Vulkan</Filter>
    </ClInclude>
    <ClInclude Include="Source\Public\Rendering\Vulkan\VulkanPipeline.h">
      <Filter>Source\Public\Rendering\Vulkan</Filter>
    </ClInclude>
    <ClInclude Include="Source\Public\Rendering\Vulkan\VulkanTypes.h">
      <Filter>Source\Public\Rendering\Vulkan</Filter>
    </ClInclude>
    <ClInclude Include="Source\Public\Rendering\Renderer.h" />
    <ClInclude Include="Source\Public\Rendering\Vulkan\VulkanRenderer.h" />
    <ClInclude Include="Source\Public\Rendering\RendererTypes.h" />
    <ClInclude Include="Source\Public\Engine\Camera.h" />
    <ClInclude Include="Source\Public\Engine\EngineFrontend.h" />
    <ClInclude Include="Source\Public\Application\Application.h" />
    <ClInclude Include="Source\Public\Application\ApplicationInput.h" />
    <ClInclude Include="Source\ThirdParty\imgui\backends\imgui_impl_sdl.h" />
    <ClInclude Include="Source\ThirdParty\imgui\backends\imgui_impl_vulkan.h" />
    <ClInclude Include="Source\ThirdParty\imgui\imconfig.h" />
    <ClInclude Include="Source\ThirdParty\imgui\imgui.h" />
    <ClInclude Include="Source\ThirdParty\imgui\imgui_internal.h" />
    <ClInclude Include="Source\ThirdParty\imgui\imstb_rectpack.h" />
    <ClInclude Include="Source\ThirdParty\imgui\imstb_textedit.h" />
    <ClInclude Include="Source\ThirdParty\imgui\imstb_truetype.h" />
    <ClInclude Include="Source\Public\Rendering\Vulkan\VulkanMaterialManager.h" />
    <ClInclude Include="Source\Public\Rendering\RHI\RHITexture.h" />
    <ClInclude Include="Source\Public\Engine\Importer\TextureImporter.h" />
    <ClInclude Include="Source\Public\Rendering\RHI\RHITypes.h" />
    <ClInclude Include="Source\Public\Rendering\RHI\RHI.h" />
    <ClInclude Include="Source\Public\Rendering\RHI\Vulkan\Vulkan.h" />
    <ClInclude Include="Source\Public\Rendering\RHI\RHIMesh.h" />
    <ClInclude Include="Source\Public\Rendering\RHI\RHIVertex.h" />
    <ClInclude Include="Source\Public\Engine\Importer\MeshImporter.h" />
    <ClInclude Include="Source\Public\Rendering\RHI\RHIInputLayout.h" />
    <ClInclude Include="Source\Public\Rendering\Material.h" />
    <ClInclude Include="Source\Public\Rendering\RHI\RHIInstanceData.h" />
  </ItemGroup>
  <ItemGroup>
    <None Include="scripts\PreLinking.bat">
      <Filter>scripts</Filter>
    </None>
    <None Include="scripts\sdl_build.py">
      <Filter>scripts</Filter>
    </None>
    <None Include="scripts\vk_compile_shaders.py">
      <Filter>scripts</Filter>
    </None>
    <None Include="shaders\blinn-phong.frag">
      <Filter>shaders</Filter>
    </None>
  </ItemGroup>
</Project>