<?xml version="1.0" encoding="utf-8"?>
<Project ToolsVersion="16.0" xmlns="http://schemas.microsoft.com/developer/msbuild/2003">
  <ItemGroup>
    <Filter Include="include">
      <UniqueIdentifier>{89AF369E-F58E-B539-FEA6-40106A051C9B}</UniqueIdentifier>
    </Filter>
    <Filter Include="include\Core">
      <UniqueIdentifier>{2E40F66C-1AA3-8511-C328-BEC7AF6A5194}</UniqueIdentifier>
    </Filter>
    <Filter Include="include\Core\Async">
      <UniqueIdentifier>{281E110D-1402-D262-7D62-CCB56965BCE4}</UniqueIdentifier>
    </Filter>
    <Filter Include="include\Core\Containers">
      <UniqueIdentifier>{60A6EE17-CCDD-36AF-D5E7-9AD2419E5DA8}</UniqueIdentifier>
    </Filter>
    <Filter Include="include\Core\HAL">
      <UniqueIdentifier>{FF548A81-EB4D-A9D3-1480-8E5800D888DF}</UniqueIdentifier>
    </Filter>
    <Filter Include="include\Core\IO">
      <UniqueIdentifier>{820A69F4-EE95-D6B8-F7A6-59AD63B132B9}</UniqueIdentifier>
    </Filter>
    <Filter Include="include\Core\Log">
      <UniqueIdentifier>{0C6C8A81-F864-A9D3-2197-8E580DEF88DF}</UniqueIdentifier>
    </Filter>
    <Filter Include="include\Core\Memory">
      <UniqueIdentifier>{C3E52ECA-2F47-0CD8-B8B4-528A24154397}</UniqueIdentifier>
    </Filter>
    <Filter Include="include\Core\Memory\Allocators">
      <UniqueIdentifier>{13382760-FF5D-F1C6-E8A3-7692D4681693}</UniqueIdentifier>
    </Filter>
    <Filter Include="include\Core\Misc">
      <UniqueIdentifier>{5662D8B2-C278-D648-0BF0-616A7745A7D0}</UniqueIdentifier>
    </Filter>
    <Filter Include="include\Core\Platforms">
      <UniqueIdentifier>{C21BC083-AE15-E9D5-9782-7FE6831B4F42}</UniqueIdentifier>
    </Filter>
    <Filter Include="include\Core\Platforms\Windows">
      <UniqueIdentifier>{89D398B7-75F9-621E-5E3F-E8E94A0488EA}</UniqueIdentifier>
    </Filter>
    <Filter Include="include\Core\Time">
      <UniqueIdentifier>{3938DCB2-A54E-DA48-EEC5-656A5A1BABD0}</UniqueIdentifier>
    </Filter>
    <Filter Include="include\Core\Trace">
      <UniqueIdentifier>{D9FB670E-C5DF-2864-2E40-23B71A4313E6}</UniqueIdentifier>
    </Filter>
    <Filter Include="src">
      <UniqueIdentifier>{2DAB880B-99B4-887C-2230-9F7C8E38947C}</UniqueIdentifier>
    </Filter>
    <Filter Include="src\Core">
      <UniqueIdentifier>{52224BD2-3EEF-A5DD-6708-94855334DB6B}</UniqueIdentifier>
    </Filter>
    <Filter Include="src\Core\Async">
      <UniqueIdentifier>{4C0B38DE-38D9-2BE4-216D-9C0A0DDA0749}</UniqueIdentifier>
    </Filter>
    <Filter Include="src\Core\IO">
      <UniqueIdentifier>{266A3EC5-921F-B7BA-1B14-B19187C8ADBE}</UniqueIdentifier>
    </Filter>
    <Filter Include="src\Core\Log">
      <UniqueIdentifier>{30C00B6D-1C23-9B11-C5A8-D3C7B1EA6694}</UniqueIdentifier>
    </Filter>
    <Filter Include="src\Core\Memory">
      <UniqueIdentifier>{677733C0-D302-A184-DC13-2479481EFD84}</UniqueIdentifier>
    </Filter>
    <Filter Include="src\Core\Memory\Allocators">
      <UniqueIdentifier>{37FB763F-230B-2310-8CC4-872E78F311A9}</UniqueIdentifier>
    </Filter>
    <Filter Include="src\Core\Misc">
      <UniqueIdentifier>{FA3A840E-66FB-FF44-2F36-49C29BB54421}</UniqueIdentifier>
    </Filter>
    <Filter Include="src\Core\Platforms">
      <UniqueIdentifier>{E6FA203B-D2DE-E190-3B3F-DCE32742CC12}</UniqueIdentifier>
    </Filter>
    <Filter Include="src\Core\Platforms\Windows">
      <UniqueIdentifier>{AD96E896-99A6-9467-0260-F985EE8E8300}</UniqueIdentifier>
    </Filter>
    <Filter Include="src\Core\Time">
      <UniqueIdentifier>{DD10880E-49D1-0345-120C-4DC27E8B4821}</UniqueIdentifier>
    </Filter>
    <Filter Include="ThirdParty">
      <UniqueIdentifier>{107145F9-FC28-8746-6530-60A251072237}</UniqueIdentifier>
    </Filter>
    <Filter Include="ThirdParty\wyhash">
      <UniqueIdentifier>{809F05D5-ECB5-036B-352D-8F8CA182D4F2}</UniqueIdentifier>
    </Filter>
    <Filter Include="ThirdParty\delegate">
      <UniqueIdentifier>{475512AA-B3B6-EFB7-3C24-366AA8842677}</UniqueIdentifier>
    </Filter>
    <Filter Include="ThirdParty\mimalloc">
      <UniqueIdentifier>{DA765B2E-46D8-383C-CF45-7FEE3BA66FFB}</UniqueIdentifier>
    </Filter>
  </ItemGroup>
  <ItemGroup>
    <ClInclude Include="include\Core\Build.h">
      <Filter>include\Core</Filter>
    </ClInclude>
    <ClInclude Include="include\Core\CommandLine.h">
      <Filter>include\Core</Filter>
    </ClInclude>
    <ClInclude Include="include\Core\CoreAssert.h">
      <Filter>include\Core</Filter>
    </ClInclude>
    <ClInclude Include="include\Core\CoreMinimal.h">
      <Filter>include\Core</Filter>
    </ClInclude>
    <ClInclude Include="include\Core\Corepch.h">
      <Filter>include\Core</Filter>
    </ClInclude>
    <ClInclude Include="include\Core\CorePlatform.h">
      <Filter>include\Core</Filter>
    </ClInclude>
    <ClInclude Include="include\Core\CoreTypes.h">
      <Filter>include\Core</Filter>
    </ClInclude>
    <ClInclude Include="include\Core\Async\CallableJob.h">
      <Filter>include\Core\Async</Filter>
    </ClInclude>
    <ClInclude Include="include\Core\Async\ITaskGraphNode.h">
      <Filter>include\Core\Async</Filter>
    </ClInclude>
    <ClInclude Include="include\Core\Async\ScopedLock.h">
      <Filter>include\Core\Async</Filter>
    </ClInclude>
    <ClInclude Include="include\Core\Async\Task.h">
      <Filter>include\Core\Async</Filter>
    </ClInclude>
    <ClInclude Include="include\Core\Async\TaskGraph.h">
      <Filter>include\Core\Async</Filter>
    </ClInclude>
    <ClInclude Include="include\Core\Async\Thread.h">
      <Filter>include\Core\Async</Filter>
    </ClInclude>
    <ClInclude Include="include\Core\Async\ThreadedJob.h">
      <Filter>include\Core\Async</Filter>
    </ClInclude>
    <ClInclude Include="include\Core\Containers\Map.h">
      <Filter>include\Core\Containers</Filter>
    </ClInclude>
    <ClInclude Include="include\Core\Containers\Set.h">
      <Filter>include\Core\Containers</Filter>
    </ClInclude>
    <ClInclude Include="include\Core\Containers\Vector.h">
      <Filter>include\Core\Containers</Filter>
    </ClInclude>
    <ClInclude Include="include\Core\HAL\Misc.h">
      <Filter>include\Core\HAL</Filter>
    </ClInclude>
    <ClInclude Include="include\Core\IO\IO.h">
      <Filter>include\Core\IO</Filter>
    </ClInclude>
    <ClInclude Include="include\Core\Log\Log.h">
      <Filter>include\Core\Log</Filter>
    </ClInclude>
    <ClInclude Include="include\Core\Log\LogMacros.h">
      <Filter>include\Core\Log</Filter>
    </ClInclude>
    <ClInclude Include="include\Core\Memory\Memory.h">
      <Filter>include\Core\Memory</Filter>
    </ClInclude>
    <ClInclude Include="include\Core\Memory\VirtualMemory.h">
      <Filter>include\Core\Memory</Filter>
    </ClInclude>
    <ClInclude Include="include\Core\Memory\Allocators\BaseAllocator.h">
      <Filter>include\Core\Memory\Allocators</Filter>
    </ClInclude>
    <ClInclude Include="include\Core\Memory\Allocators\Mimalloc.hpp">
      <Filter>include\Core\Memory\Allocators</Filter>
    </ClInclude>
    <ClInclude Include="include\Core\Misc\Event.h">
      <Filter>include\Core\Misc</Filter>
    </ClInclude>
    <ClInclude Include="include\Core\Misc\Guid.h">
      <Filter>include\Core\Misc</Filter>
    </ClInclude>
    <ClInclude Include="include\Core\Misc\Hash.h">
      <Filter>include\Core\Misc</Filter>
    </ClInclude>
    <ClInclude Include="include\Core\Misc\Name.h">
      <Filter>include\Core\Misc</Filter>
    </ClInclude>
    <ClInclude Include="include\Core\Misc\Random.h">
      <Filter>include\Core\Misc</Filter>
    </ClInclude>
    <ClInclude Include="include\Core\Platforms\Windows\WindowsAPI.h">
      <Filter>include\Core\Platforms\Windows</Filter>
    </ClInclude>
    <ClInclude Include="include\Core\Platforms\Windows\WindowsCommon.h">
      <Filter>include\Core\Platforms\Windows</Filter>
    </ClInclude>
    <ClInclude Include="include\Core\Platforms\Windows\WindowsCriticalSection.h">
      <Filter>include\Core\Platforms\Windows</Filter>
    </ClInclude>
    <ClInclude Include="include\Core\Platforms\Windows\WindowsMemory.h">
      <Filter>include\Core\Platforms\Windows</Filter>
    </ClInclude>
    <ClInclude Include="include\Core\Platforms\Windows\WindowsMisc.h">
      <Filter>include\Core\Platforms\Windows</Filter>
    </ClInclude>
    <ClInclude Include="include\Core\Platforms\Windows\WindowsThread.h">
      <Filter>include\Core\Platforms\Windows</Filter>
    </ClInclude>
    <ClInclude Include="include\Core\Platforms\Windows\WindowsThreads.h">
      <Filter>include\Core\Platforms\Windows</Filter>
    </ClInclude>
    <ClInclude Include="include\Core\Platforms\Windows\WindowsTypes.h">
      <Filter>include\Core\Platforms\Windows</Filter>
    </ClInclude>
    <ClInclude Include="include\Core\Time\Time.h">
      <Filter>include\Core\Time</Filter>
    </ClInclude>
    <ClInclude Include="include\Core\Trace\Trace.h">
      <Filter>include\Core\Trace</Filter>
    </ClInclude>
    <ClInclude Include="ThirdParty\wyhash\wyhash.h">
      <Filter>ThirdParty\wyhash</Filter>
    </ClInclude>
    <ClInclude Include="ThirdParty\delegate\delegate.hpp">
      <Filter>ThirdParty\delegate</Filter>
    </ClInclude>
    <ClInclude Include="ThirdParty\mimalloc\mimalloc.h">
      <Filter>ThirdParty\mimalloc</Filter>
    </ClInclude>
  </ItemGroup>
  <ItemGroup>
    <ClCompile Include="src\Core\CommandLine.cpp">
      <Filter>src\Core</Filter>
    </ClCompile>
    <ClCompile Include="src\Core\Corepch.cpp">
      <Filter>src\Core</Filter>
    </ClCompile>
    <ClCompile Include="src\Core\Async\TaskGraph.cpp">
      <Filter>src\Core\Async</Filter>
    </ClCompile>
    <ClCompile Include="src\Core\Async\Thread.cpp">
      <Filter>src\Core\Async</Filter>
    </ClCompile>
    <ClCompile Include="src\Core\IO\IO.cpp">
      <Filter>src\Core\IO</Filter>
    </ClCompile>
    <ClCompile Include="src\Core\Log\Log.cpp">
      <Filter>src\Core\Log</Filter>
    </ClCompile>
    <ClCompile Include="src\Core\Memory\Memory.cpp">
      <Filter>src\Core\Memory</Filter>
    </ClCompile>
    <ClCompile Include="src\Core\Memory\VirtualMemory.cpp">
      <Filter>src\Core\Memory</Filter>
    </ClCompile>
    <ClCompile Include="src\Core\Memory\Allocators\BaseAllocator.cpp">
      <Filter>src\Core\Memory\Allocators</Filter>
    </ClCompile>
    <ClCompile Include="src\Core\Misc\Guid.cpp">
      <Filter>src\Core\Misc</Filter>
    </ClCompile>
    <ClCompile Include="src\Core\Misc\Name.cpp">
      <Filter>src\Core\Misc</Filter>
    </ClCompile>
    <ClCompile Include="src\Core\Platforms\Windows\WindowsAPI.cpp">
      <Filter>src\Core\Platforms\Windows</Filter>
    </ClCompile>
    <ClCompile Include="src\Core\Platforms\Windows\WindowsCriticalSection.cpp">
      <Filter>src\Core\Platforms\Windows</Filter>
    </ClCompile>
    <ClCompile Include="src\Core\Platforms\Windows\WindowsMemory.cpp">
      <Filter>src\Core\Platforms\Windows</Filter>
    </ClCompile>
    <ClCompile Include="src\Core\Platforms\Windows\WindowsMisc.cpp">
      <Filter>src\Core\Platforms\Windows</Filter>
    </ClCompile>
    <ClCompile Include="src\Core\Platforms\Windows\WindowsThread.cpp">
      <Filter>src\Core\Platforms\Windows</Filter>
    </ClCompile>
    <ClCompile Include="src\Core\Platforms\Windows\WindowsThreads.cpp">
      <Filter>src\Core\Platforms\Windows</Filter>
    </ClCompile>
    <ClCompile Include="src\Core\Time\Time.cpp">
      <Filter>src\Core\Time</Filter>
    </ClCompile>
  </ItemGroup>
</Project>
