<?xml version="1.0" encoding="utf-8"?>
<Project ToolsVersion="16.0" xmlns="http://schemas.microsoft.com/developer/msbuild/2003">
  <ItemGroup>
    <Filter Include="Engine">
      <UniqueIdentifier>{DBC7D3B0-C769-FE86-B024-12DB9C6585D7}</UniqueIdentifier>
    </Filter>
    <Filter Include="Engine\Core">
      <UniqueIdentifier>{C05BC964-2C11-425A-B505-3C3121BA385E}</UniqueIdentifier>
    </Filter>
    <Filter Include="Engine\Core\Async">
      <UniqueIdentifier>{3A1F43A2-A635-4138-EFAC-CC595B0212C0}</UniqueIdentifier>
    </Filter>
    <Filter Include="Engine\Core\Containers">
      <UniqueIdentifier>{B222863B-9E1C-AF8D-8789-459E732215FA}</UniqueIdentifier>
    </Filter>
    <Filter Include="Engine\Core\HAL">
      <UniqueIdentifier>{91E9C41D-FD74-32E2-0686-B5D672908EE2}</UniqueIdentifier>
    </Filter>
    <Filter Include="Engine\Core\HAL\SDL">
      <UniqueIdentifier>{102785E2-7C88-62F0-05F6-A8A2715699AF}</UniqueIdentifier>
    </Filter>
    <Filter Include="Engine\Core\IO">
      <UniqueIdentifier>{D4547A4E-C022-6E54-A9B6-DE7A95234AB9}</UniqueIdentifier>
    </Filter>
    <Filter Include="Engine\Core\Log">
      <UniqueIdentifier>{9E00C51D-0A8C-32E2-139D-B5D67FA78EE2}</UniqueIdentifier>
    </Filter>
    <Filter Include="Engine\Core\Math">
      <UniqueIdentifier>{466765D6-3260-8428-5B92-69AD47EA6334}</UniqueIdentifier>
    </Filter>
    <Filter Include="Engine\Core\Memory">
      <UniqueIdentifier>{1509A105-01ED-615B-6A4D-5CAE56504CDD}</UniqueIdentifier>
    </Filter>
    <Filter Include="Engine\Core\Memory\Allocators">
      <UniqueIdentifier>{25641144-917C-F86D-5A29-8807C6008D07}</UniqueIdentifier>
    </Filter>
    <Filter Include="Engine\Core\Time">
      <UniqueIdentifier>{0B5F69D6-F757-8828-208A-6DAD0CE26734}</UniqueIdentifier>
    </Filter>
    <Filter Include="Engine\Core\Trace">
      <UniqueIdentifier>{EBFC99A3-5713-9839-A08A-235B0CE068C1}</UniqueIdentifier>
    </Filter>
  </ItemGroup>
  <ItemGroup>
    <ClInclude Include="Engine\Core\AssertionMacros.h">
      <Filter>Engine\Core</Filter>
    </ClInclude>
    <ClInclude Include="Engine\Core\Build.h">
      <Filter>Engine\Core</Filter>
    </ClInclude>
    <ClInclude Include="Engine\Core\CommandLine.h">
      <Filter>Engine\Core</Filter>
    </ClInclude>
    <ClInclude Include="Engine\Core\Event.h">
      <Filter>Engine\Core</Filter>
    </ClInclude>
    <ClInclude Include="Engine\Core\Hash.h">
      <Filter>Engine\Core</Filter>
    </ClInclude>
    <ClInclude Include="Engine\Core\Name.h">
      <Filter>Engine\Core</Filter>
    </ClInclude>
    <ClInclude Include="Engine\Core\Random.h">
      <Filter>Engine\Core</Filter>
    </ClInclude>
    <ClInclude Include="Engine\Core\Types.h">
      <Filter>Engine\Core</Filter>
    </ClInclude>
    <ClInclude Include="Engine\Core\Async\CallableJob.h">
      <Filter>Engine\Core\Async</Filter>
    </ClInclude>
    <ClInclude Include="Engine\Core\Async\ITaskGraphNode.h">
      <Filter>Engine\Core\Async</Filter>
    </ClInclude>
    <ClInclude Include="Engine\Core\Async\ScopedLock.h">
      <Filter>Engine\Core\Async</Filter>
    </ClInclude>
    <ClInclude Include="Engine\Core\Async\Task.h">
      <Filter>Engine\Core\Async</Filter>
    </ClInclude>
    <ClInclude Include="Engine\Core\Async\TaskGraph.h">
      <Filter>Engine\Core\Async</Filter>
    </ClInclude>
    <ClInclude Include="Engine\Core\Async\Thread.h">
      <Filter>Engine\Core\Async</Filter>
    </ClInclude>
    <ClInclude Include="Engine\Core\Async\ThreadedJob.h">
      <Filter>Engine\Core\Async</Filter>
    </ClInclude>
    <ClInclude Include="Engine\Core\Containers\Map.h">
      <Filter>Engine\Core\Containers</Filter>
    </ClInclude>
    <ClInclude Include="Engine\Core\Containers\Set.h">
      <Filter>Engine\Core\Containers</Filter>
    </ClInclude>
    <ClInclude Include="Engine\Core\Containers\Vector.h">
      <Filter>Engine\Core\Containers</Filter>
    </ClInclude>
    <ClInclude Include="Engine\Core\HAL\Guid.h">
      <Filter>Engine\Core\HAL</Filter>
    </ClInclude>
    <ClInclude Include="Engine\Core\HAL\Misc.h">
      <Filter>Engine\Core\HAL</Filter>
    </ClInclude>
    <ClInclude Include="Engine\Core\HAL\PlatformTypes.h">
      <Filter>Engine\Core\HAL</Filter>
    </ClInclude>
    <ClInclude Include="Engine\Core\HAL\SDL\SDLWrapper.h">
      <Filter>Engine\Core\HAL\SDL</Filter>
    </ClInclude>
    <ClInclude Include="Engine\Core\IO\IO.h">
      <Filter>Engine\Core\IO</Filter>
    </ClInclude>
    <ClInclude Include="Engine\Core\Log\Log.h">
      <Filter>Engine\Core\Log</Filter>
    </ClInclude>
    <ClInclude Include="Engine\Core\Log\LogMacros.h">
      <Filter>Engine\Core\Log</Filter>
    </ClInclude>
    <ClInclude Include="Engine\Core\Log\OutputDevice.h">
      <Filter>Engine\Core\Log</Filter>
    </ClInclude>
    <ClInclude Include="Engine\Core\Log\OutputDeviceManager.h">
      <Filter>Engine\Core\Log</Filter>
    </ClInclude>
    <ClInclude Include="Engine\Core\Log\StdOutputDevice.h">
      <Filter>Engine\Core\Log</Filter>
    </ClInclude>
    <ClInclude Include="Engine\Core\Math\Math.h">
      <Filter>Engine\Core\Math</Filter>
    </ClInclude>
    <ClInclude Include="Engine\Core\Memory\Memory.h">
      <Filter>Engine\Core\Memory</Filter>
    </ClInclude>
    <ClInclude Include="Engine\Core\Memory\VirtualMemory.h">
      <Filter>Engine\Core\Memory</Filter>
    </ClInclude>
    <ClInclude Include="Engine\Core\Memory\Allocators\BaseAllocator.h">
      <Filter>Engine\Core\Memory\Allocators</Filter>
    </ClInclude>
    <ClInclude Include="Engine\Core\Time\Time.h">
      <Filter>Engine\Core\Time</Filter>
    </ClInclude>
    <ClInclude Include="Engine\Core\Trace\Trace.h">
      <Filter>Engine\Core\Trace</Filter>
    </ClInclude>
    <ClInclude Include="Engine\Core\Memory\Allocators\Mimalloc.hpp">
      <Filter>Engine\Core\Memory\Allocators</Filter>
    </ClInclude>
    <ClInclude Include="Engine\Znpch.h">
      <Filter>Engine</Filter>
    </ClInclude>
  </ItemGroup>
  <ItemGroup>
    <ClCompile Include="Engine\Core\CommandLine.cpp">
      <Filter>Engine\Core</Filter>
    </ClCompile>
    <ClCompile Include="Engine\Core\Name.cpp">
      <Filter>Engine\Core</Filter>
    </ClCompile>
    <ClCompile Include="Engine\Core\Async\TaskGraph.cpp">
      <Filter>Engine\Core\Async</Filter>
    </ClCompile>
    <ClCompile Include="Engine\Core\Async\Thread.cpp">
      <Filter>Engine\Core\Async</Filter>
    </ClCompile>
    <ClCompile Include="Engine\Core\HAL\Guid.cpp">
      <Filter>Engine\Core\HAL</Filter>
    </ClCompile>
    <ClCompile Include="Engine\Core\HAL\Misc.cpp">
      <Filter>Engine\Core\HAL</Filter>
    </ClCompile>
    <ClCompile Include="Engine\Core\HAL\SDL\SDLWrapper.cpp">
      <Filter>Engine\Core\HAL\SDL</Filter>
    </ClCompile>
    <ClCompile Include="Engine\Core\IO\IO.cpp">
      <Filter>Engine\Core\IO</Filter>
    </ClCompile>
    <ClCompile Include="Engine\Core\Log\Log.cpp">
      <Filter>Engine\Core\Log</Filter>
    </ClCompile>
    <ClCompile Include="Engine\Core\Log\OutputDeviceManager.cpp">
      <Filter>Engine\Core\Log</Filter>
    </ClCompile>
    <ClCompile Include="Engine\Core\Log\StdOutputDevice.cpp">
      <Filter>Engine\Core\Log</Filter>
    </ClCompile>
    <ClCompile Include="Engine\Core\Memory\Memory.cpp">
      <Filter>Engine\Core\Memory</Filter>
    </ClCompile>
    <ClCompile Include="Engine\Core\Memory\VirtualMemory.cpp">
      <Filter>Engine\Core\Memory</Filter>
    </ClCompile>
    <ClCompile Include="Engine\Core\Memory\Allocators\BaseAllocator.cpp">
      <Filter>Engine\Core\Memory\Allocators</Filter>
    </ClCompile>
    <ClCompile Include="Engine\Core\Time\Time.cpp">
      <Filter>Engine\Core\Time</Filter>
    </ClCompile>
    <ClCompile Include="Engine\Znpch.cpp">
      <Filter>Engine</Filter>
    </ClCompile>
  </ItemGroup>
</Project>
