<?xml version="1.0" encoding="utf-8"?>
<Project ToolsVersion="16.0" xmlns="http://schemas.microsoft.com/developer/msbuild/2003">
  <ItemGroup>
    <Filter Include="Headers">
      <UniqueIdentifier>{C196CD9C-2D76-4C38-368E-D70EA2ECB299}</UniqueIdentifier>
    </Filter>
    <Filter Include="Headers\Core">
      <UniqueIdentifier>{666A9653-52CD-25F8-FB52-5EAEE794F17A}</UniqueIdentifier>
    </Filter>
    <Filter Include="Headers\Core\Async">
      <UniqueIdentifier>{60126650-4CF6-26A6-B556-21F9A1591128}</UniqueIdentifier>
    </Filter>
    <Filter Include="Headers\Core\Containers">
      <UniqueIdentifier>{98FD1C3D-0435-65D4-0D3F-C9F779F58BCD}</UniqueIdentifier>
    </Filter>
    <Filter Include="Headers\Core\HAL">
      <UniqueIdentifier>{37DB24B4-23D4-4306-4C06-298B385E2312}</UniqueIdentifier>
    </Filter>
    <Filter Include="Headers\Core\IO">
      <UniqueIdentifier>{BAA92FEE-2635-9DB2-2F46-20A79B50F9B2}</UniqueIdentifier>
    </Filter>
    <Filter Include="Headers\Core\Log">
      <UniqueIdentifier>{44F224B4-30EB-4306-591D-298B45752312}</UniqueIdentifier>
    </Filter>
    <Filter Include="Headers\Core\Memory">
      <UniqueIdentifier>{FB602278-67C2-FF85-F02F-46385C903645}</UniqueIdentifier>
    </Filter>
    <Filter Include="Headers\Core\Memory\Allocators">
      <UniqueIdentifier>{4B405433-3766-1E9A-20AC-A3650C714366}</UniqueIdentifier>
    </Filter>
    <Filter Include="Headers\Core\Misc">
      <UniqueIdentifier>{8EAFC338-FAC5-C1CE-433D-4DF0AF929256}</UniqueIdentifier>
    </Filter>
    <Filter Include="Headers\Core\Platforms">
      <UniqueIdentifier>{FA6B6494-E665-8DE6-CFD2-23F7BB6BF352}</UniqueIdentifier>
    </Filter>
    <Filter Include="Headers\Core\Platforms\Windows">
      <UniqueIdentifier>{C1DBC58A-AD01-90F1-9647-15BD820CB5BD}</UniqueIdentifier>
    </Filter>
    <Filter Include="Headers\Core\Time">
      <UniqueIdentifier>{7185C738-DD9B-C5CE-2613-51F092689656}</UniqueIdentifier>
    </Filter>
    <Filter Include="Headers\Core\Trace">
      <UniqueIdentifier>{11F0BC51-FDD3-7DA7-6634-78FA52376829}</UniqueIdentifier>
    </Filter>
    <Filter Include="Source">
      <UniqueIdentifier>{56EB95D1-428D-C0A7-2B48-D4FB178947F8}</UniqueIdentifier>
    </Filter>
    <Filter Include="Source\Core">
      <UniqueIdentifier>{1BE44312-8799-BC07-108E-B6DE7C42B30B}</UniqueIdentifier>
    </Filter>
    <Filter Include="Source\Core\Async">
      <UniqueIdentifier>{D53F7750-4156-75E6-8ACD-0008F622466E}</UniqueIdentifier>
    </Filter>
    <Filter Include="Source\Core\IO">
      <UniqueIdentifier>{4FC3790C-3B91-6D12-2425-DE3810924977}</UniqueIdentifier>
    </Filter>
    <Filter Include="Source\Core\Log">
      <UniqueIdentifier>{793EB29B-E5C9-1F60-EEDA-A2545AE57B60}</UniqueIdentifier>
    </Filter>
    <Filter Include="Source\Core\Memory">
      <UniqueIdentifier>{103D597A-FC20-1AD0-6581-142351840452}</UniqueIdentifier>
    </Filter>
    <Filter Include="Source\Core\Memory\Allocators">
      <UniqueIdentifier>{404500D0-AC5D-E7F9-750A-7793E1E17B93}</UniqueIdentifier>
    </Filter>
    <Filter Include="Source\Core\Misc">
      <UniqueIdentifier>{6382FA11-4F7B-1964-78AD-FEE86405F96F}</UniqueIdentifier>
    </Filter>
    <Filter Include="Source\Core\Platforms">
      <UniqueIdentifier>{EF4B896B-5BB8-4466-24AC-DCC390D766CE}</UniqueIdentifier>
    </Filter>
    <Filter Include="Source\Core\Platforms\Windows">
      <UniqueIdentifier>{B6E07127-22F9-5851-EBA5-E8EA577DEDEA}</UniqueIdentifier>
    </Filter>
    <Filter Include="Source\Core\Time">
      <UniqueIdentifier>{4658FE11-3251-1D64-5B83-02E947DBFC6F}</UniqueIdentifier>
    </Filter>
    <Filter Include="ThirdParty">
      <UniqueIdentifier>{107145F9-FC28-8746-6530-60A251072237}</UniqueIdentifier>
    </Filter>
    <Filter Include="ThirdParty\wyhash">
      <UniqueIdentifier>{809F05D5-ECB5-036B-352D-8F8CA182D4F2}</UniqueIdentifier>
    </Filter>
    <Filter Include="ThirdParty\delegate">
      <UniqueIdentifier>{475512AA-B3B6-EFB7-3C24-366AA8842677}</UniqueIdentifier>
    </Filter>
    <Filter Include="ThirdParty\tracy">
      <UniqueIdentifier>{6FDE873C-5BD7-A68E-8409-8C137061869A}</UniqueIdentifier>
    </Filter>
    <Filter Include="ThirdParty\mimalloc">
      <UniqueIdentifier>{DA765B2E-46D8-383C-CF45-7FEE3BA66FFB}</UniqueIdentifier>
    </Filter>
    <Filter Include="Headers\Application">
      <UniqueIdentifier>{1166091A-7DC7-E627-0635-2DDA72951DE7}</UniqueIdentifier>
    </Filter>
    <Filter Include="Headers\Application\Platforms">
      <UniqueIdentifier>{6539FA8B-D151-E1B5-9AFE-704F06D6754F}</UniqueIdentifier>
    </Filter>
    <Filter Include="Headers\Application\Platforms\Windows">
      <UniqueIdentifier>{2CE4DB9D-98A8-DA8D-610E-0B58CD9176C3}</UniqueIdentifier>
    </Filter>
    <Filter Include="Source\Application">
      <UniqueIdentifier>{2642401C-1226-0172-7B86-FBC46789EBF3}</UniqueIdentifier>
    </Filter>
    <Filter Include="Source\Application\Platforms">
      <UniqueIdentifier>{BAF30EE6-A6AE-FE91-4F66-77DC3B004922}</UniqueIdentifier>
    </Filter>
    <Filter Include="Source\Application\Platforms\Windows">
      <UniqueIdentifier>{81235CE3-6D0A-1EDB-165B-84F802219741}</UniqueIdentifier>
    </Filter>
    <Filter Include="ThirdParty\imgui">
      <UniqueIdentifier>{C72EBE3B-B327-DD8D-DC59-C212C8B1BC99}</UniqueIdentifier>
    </Filter>
    <Filter Include="ThirdParty\imgui\backends">
      <UniqueIdentifier>{FE153EC3-6AD8-714D-B388-00DA1F8A4A2B}</UniqueIdentifier>
    </Filter>
  </ItemGroup>
  <ItemGroup>
    <None Include="ThirdParty\imgui\LICENSE.txt">
      <Filter>ThirdParty\imgui</Filter>
    </None>
  </ItemGroup>
  <ItemGroup>
    <ClInclude Include="Core\include\Build.h">
      <Filter>Headers\Core</Filter>
    </ClInclude>
    <ClInclude Include="Core\include\CommandLine.h">
      <Filter>Headers\Core</Filter>
    </ClInclude>
    <ClInclude Include="Core\include\CoreAssert.h">
      <Filter>Headers\Core</Filter>
    </ClInclude>
    <ClInclude Include="Core\include\CoreMinimal.h">
      <Filter>Headers\Core</Filter>
    </ClInclude>
    <ClInclude Include="Core\include\CorePlatform.h">
      <Filter>Headers\Core</Filter>
    </ClInclude>
    <ClInclude Include="Core\include\CoreTypes.h">
      <Filter>Headers\Core</Filter>
    </ClInclude>
    <ClInclude Include="Core\include\Async\CallableJob.h">
      <Filter>Headers\Core\Async</Filter>
    </ClInclude>
    <ClInclude Include="Core\include\Async\ITaskGraphNode.h">
      <Filter>Headers\Core\Async</Filter>
    </ClInclude>
    <ClInclude Include="Core\include\Async\ScopedLock.h">
      <Filter>Headers\Core\Async</Filter>
    </ClInclude>
    <ClInclude Include="Core\include\Async\Task.h">
      <Filter>Headers\Core\Async</Filter>
    </ClInclude>
    <ClInclude Include="Core\include\Async\TaskGraph.h">
      <Filter>Headers\Core\Async</Filter>
    </ClInclude>
    <ClInclude Include="Core\include\Async\Thread.h">
      <Filter>Headers\Core\Async</Filter>
    </ClInclude>
    <ClInclude Include="Core\include\Async\ThreadedJob.h">
      <Filter>Headers\Core\Async</Filter>
    </ClInclude>
    <ClInclude Include="Core\include\Containers\Map.h">
      <Filter>Headers\Core\Containers</Filter>
    </ClInclude>
    <ClInclude Include="Core\include\Containers\Set.h">
      <Filter>Headers\Core\Containers</Filter>
    </ClInclude>
    <ClInclude Include="Core\include\Containers\Vector.h">
      <Filter>Headers\Core\Containers</Filter>
    </ClInclude>
    <ClInclude Include="Core\include\HAL\Misc.h">
      <Filter>Headers\Core\HAL</Filter>
    </ClInclude>
    <ClInclude Include="Core\include\IO\IO.h">
      <Filter>Headers\Core\IO</Filter>
    </ClInclude>
    <ClInclude Include="Core\include\Log\Log.h">
      <Filter>Headers\Core\Log</Filter>
    </ClInclude>
    <ClInclude Include="Core\include\Log\LogMacros.h">
      <Filter>Headers\Core\Log</Filter>
    </ClInclude>
    <ClInclude Include="Core\include\Memory\Memory.h">
      <Filter>Headers\Core\Memory</Filter>
    </ClInclude>
    <ClInclude Include="Core\include\Memory\VirtualMemory.h">
      <Filter>Headers\Core\Memory</Filter>
    </ClInclude>
    <ClInclude Include="Core\include\Memory\Allocators\BaseAllocator.h">
      <Filter>Headers\Core\Memory\Allocators</Filter>
    </ClInclude>
    <ClInclude Include="Core\include\Memory\Allocators\Mimalloc.hpp">
      <Filter>Headers\Core\Memory\Allocators</Filter>
    </ClInclude>
    <ClInclude Include="Core\include\Misc\Event.h">
      <Filter>Headers\Core\Misc</Filter>
    </ClInclude>
    <ClInclude Include="Core\include\Misc\Guid.h">
      <Filter>Headers\Core\Misc</Filter>
    </ClInclude>
    <ClInclude Include="Core\include\Misc\Hash.h">
      <Filter>Headers\Core\Misc</Filter>
    </ClInclude>
    <ClInclude Include="Core\include\Misc\Name.h">
      <Filter>Headers\Core\Misc</Filter>
    </ClInclude>
    <ClInclude Include="Core\include\Misc\Random.h">
      <Filter>Headers\Core\Misc</Filter>
    </ClInclude>
    <ClInclude Include="Core\include\Platforms\Windows\WindowsAPI.h">
      <Filter>Headers\Core\Platforms\Windows</Filter>
    </ClInclude>
    <ClInclude Include="Core\include\Platforms\Windows\WindowsCommon.h">
      <Filter>Headers\Core\Platforms\Windows</Filter>
    </ClInclude>
    <ClInclude Include="Core\include\Platforms\Windows\WindowsCriticalSection.h">
      <Filter>Headers\Core\Platforms\Windows</Filter>
    </ClInclude>
    <ClInclude Include="Core\include\Platforms\Windows\WindowsMemory.h">
      <Filter>Headers\Core\Platforms\Windows</Filter>
    </ClInclude>
    <ClInclude Include="Core\include\Platforms\Windows\WindowsMisc.h">
      <Filter>Headers\Core\Platforms\Windows</Filter>
    </ClInclude>
    <ClInclude Include="Core\include\Platforms\Windows\WindowsThread.h">
      <Filter>Headers\Core\Platforms\Windows</Filter>
    </ClInclude>
    <ClInclude Include="Core\include\Platforms\Windows\WindowsThreads.h">
      <Filter>Headers\Core\Platforms\Windows</Filter>
    </ClInclude>
    <ClInclude Include="Core\include\Platforms\Windows\WindowsTypes.h">
      <Filter>Headers\Core\Platforms\Windows</Filter>
    </ClInclude>
    <ClInclude Include="Core\include\Time\Time.h">
      <Filter>Headers\Core\Time</Filter>
    </ClInclude>
    <ClInclude Include="Core\include\Trace\Trace.h">
      <Filter>Headers\Core\Trace</Filter>
    </ClInclude>
    <ClInclude Include="ThirdParty\wyhash\wyhash.h">
      <Filter>ThirdParty\wyhash</Filter>
    </ClInclude>
    <ClInclude Include="ThirdParty\delegate\delegate.hpp">
      <Filter>ThirdParty\delegate</Filter>
    </ClInclude>
    <ClInclude Include="ThirdParty\mimalloc\mimalloc.h">
      <Filter>ThirdParty\mimalloc</Filter>
    </ClInclude>
    <ClInclude Include="Application\include\Application.h">
      <Filter>Headers\Application</Filter>
    </ClInclude>
    <ClInclude Include="Application\include\ApplicationInput.h">
      <Filter>Headers\Application</Filter>
    </ClInclude>
    <ClInclude Include="Application\include\Platforms\Windows\SDLApplication.h">
      <Filter>Headers\Application\Platforms\Windows</Filter>
    </ClInclude>
    <ClInclude Include="Application\include\Platforms\Windows\SDLWindow.h">
      <Filter>Headers\Application\Platforms\Windows</Filter>
    </ClInclude>
    <ClInclude Include="ThirdParty\imgui\imconfig.h">
      <Filter>ThirdParty\imgui</Filter>
    </ClInclude>
    <ClInclude Include="ThirdParty\imgui\imgui.h">
      <Filter>ThirdParty\imgui</Filter>
    </ClInclude>
    <ClInclude Include="ThirdParty\imgui\imgui_internal.h">
      <Filter>ThirdParty\imgui</Filter>
    </ClInclude>
    <ClInclude Include="ThirdParty\imgui\imstb_rectpack.h">
      <Filter>ThirdParty\imgui</Filter>
    </ClInclude>
    <ClInclude Include="ThirdParty\imgui\imstb_textedit.h">
      <Filter>ThirdParty\imgui</Filter>
    </ClInclude>
    <ClInclude Include="ThirdParty\imgui\imstb_truetype.h">
      <Filter>ThirdParty\imgui</Filter>
    </ClInclude>
    <ClInclude Include="ThirdParty\imgui\backends\imgui_impl_sdl.h">
      <Filter>ThirdParty\imgui\backends</Filter>
    </ClInclude>
  </ItemGroup>
  <ItemGroup>
    <ClCompile Include="Core\src\CommandLine.cpp">
      <Filter>Source\Core</Filter>
    </ClCompile>
    <ClCompile Include="Core\src\Async\TaskGraph.cpp">
      <Filter>Source\Core\Async</Filter>
    </ClCompile>
    <ClCompile Include="Core\src\Async\Thread.cpp">
      <Filter>Source\Core\Async</Filter>
    </ClCompile>
    <ClCompile Include="Core\src\IO\IO.cpp">
      <Filter>Source\Core\IO</Filter>
    </ClCompile>
    <ClCompile Include="Core\src\Log\Log.cpp">
      <Filter>Source\Core\Log</Filter>
    </ClCompile>
    <ClCompile Include="Core\src\Memory\Memory.cpp">
      <Filter>Source\Core\Memory</Filter>
    </ClCompile>
    <ClCompile Include="Core\src\Memory\VirtualMemory.cpp">
      <Filter>Source\Core\Memory</Filter>
    </ClCompile>
    <ClCompile Include="Core\src\Memory\Allocators\BaseAllocator.cpp">
      <Filter>Source\Core\Memory\Allocators</Filter>
    </ClCompile>
    <ClCompile Include="Core\src\Misc\Guid.cpp">
      <Filter>Source\Core\Misc</Filter>
    </ClCompile>
    <ClCompile Include="Core\src\Misc\Name.cpp">
      <Filter>Source\Core\Misc</Filter>
    </ClCompile>
    <ClCompile Include="Core\src\Platforms\Windows\WindowsAPI.cpp">
      <Filter>Source\Core\Platforms\Windows</Filter>
    </ClCompile>
    <ClCompile Include="Core\src\Platforms\Windows\WindowsCriticalSection.cpp">
      <Filter>Source\Core\Platforms\Windows</Filter>
    </ClCompile>
    <ClCompile Include="Core\src\Platforms\Windows\WindowsMemory.cpp">
      <Filter>Source\Core\Platforms\Windows</Filter>
    </ClCompile>
    <ClCompile Include="Core\src\Platforms\Windows\WindowsMisc.cpp">
      <Filter>Source\Core\Platforms\Windows</Filter>
    </ClCompile>
    <ClCompile Include="Core\src\Platforms\Windows\WindowsThread.cpp">
      <Filter>Source\Core\Platforms\Windows</Filter>
    </ClCompile>
    <ClCompile Include="Core\src\Platforms\Windows\WindowsThreads.cpp">
      <Filter>Source\Core\Platforms\Windows</Filter>
    </ClCompile>
    <ClCompile Include="Core\src\Time\Time.cpp">
      <Filter>Source\Core\Time</Filter>
    </ClCompile>
    <ClCompile Include="ThirdParty\tracy\TracyClient.cpp">
      <Filter>ThirdParty\tracy</Filter>
    </ClCompile>
    <ClCompile Include="Application\src\Application.cpp">
      <Filter>Source\Application</Filter>
    </ClCompile>
    <ClCompile Include="Application\src\Platforms\Windows\SDLApplication.cpp">
      <Filter>Source\Application\Platforms\Windows</Filter>
    </ClCompile>
    <ClCompile Include="Application\src\Platforms\Windows\SDLWindow.cpp">
      <Filter>Source\Application\Platforms\Windows</Filter>
    </ClCompile>
    <ClCompile Include="Application\src\Platforms\Windows\WindowsMain.cpp">
      <Filter>Source\Application\Platforms\Windows</Filter>
    </ClCompile>
    <ClCompile Include="ThirdParty\imgui\imgui.cpp">
      <Filter>ThirdParty\imgui</Filter>
    </ClCompile>
    <ClCompile Include="ThirdParty\imgui\imgui_demo.cpp">
      <Filter>ThirdParty\imgui</Filter>
    </ClCompile>
    <ClCompile Include="ThirdParty\imgui\imgui_draw.cpp">
      <Filter>ThirdParty\imgui</Filter>
    </ClCompile>
    <ClCompile Include="ThirdParty\imgui\imgui_tables.cpp">
      <Filter>ThirdParty\imgui</Filter>
    </ClCompile>
    <ClCompile Include="ThirdParty\imgui\imgui_widgets.cpp">
      <Filter>ThirdParty\imgui</Filter>
    </ClCompile>
    <ClCompile Include="ThirdParty\imgui\backends\imgui_impl_sdl.cpp">
      <Filter>ThirdParty\imgui\backends</Filter>
    </ClCompile>
  </ItemGroup>
</Project>
