<?xml version="1.0" encoding="utf-8"?>
<Project ToolsVersion="16.0" xmlns="http://schemas.microsoft.com/developer/msbuild/2003">
  <ItemGroup>
    <Filter Include="Runtime">
      <UniqueIdentifier>{4995DAC4-B574-5960-BE8C-E4362AEBBFC1}</UniqueIdentifier>
    </Filter>
    <Filter Include="Runtime\Private">
      <UniqueIdentifier>{C0D091AB-2C5C-FF6F-356D-8264A1775B70}</UniqueIdentifier>
    </Filter>
    <Filter Include="Runtime\Private\Core">
      <UniqueIdentifier>{C5BBB985-B14A-434F-5A69-574A46D753F5}</UniqueIdentifier>
    </Filter>
    <Filter Include="Runtime\Private\Core\Async">
      <UniqueIdentifier>{FFAEDE0E-EBBE-8ADF-5478-EFFD40A77978}</UniqueIdentifier>
    </Filter>
    <Filter Include="Runtime\Private\Core\IO">
      <UniqueIdentifier>{B972113E-25AA-59D5-2EB4-BDF89A6A80CE}</UniqueIdentifier>
    </Filter>
    <Filter Include="Runtime\Private\Core\Log">
      <UniqueIdentifier>{23DB3F00-0F00-8F80-384B-741024CF8D9E}</UniqueIdentifier>
    </Filter>
    <Filter Include="Runtime\Private\Core\Memory">
      <UniqueIdentifier>{7A91AE05-E69E-DCEB-6F85-D8D6DB91A8A2}</UniqueIdentifier>
    </Filter>
    <Filter Include="Runtime\Private\Core\Memory\Allocators">
      <UniqueIdentifier>{6AC39D9B-5615-758B-3F34-B29B2B258E74}</UniqueIdentifier>
    </Filter>
    <Filter Include="Runtime\Private\Core\Misc">
      <UniqueIdentifier>{4DB43B08-B976-6F92-0227-FE1E6E284870}</UniqueIdentifier>
    </Filter>
    <Filter Include="Runtime\Private\Core\Platforms">
      <UniqueIdentifier>{194008E1-0566-D247-EEAB-5713DA70F713}</UniqueIdentifier>
    </Filter>
    <Filter Include="Runtime\Private\Core\Platforms\Windows">
      <UniqueIdentifier>{E05E0FF3-CCB0-E6E2-B5CF-23F3A1C0FFCB}</UniqueIdentifier>
    </Filter>
    <Filter Include="Runtime\Private\Core\Time">
      <UniqueIdentifier>{308A3F08-9C4C-7392-E5FC-011F51FE4B70}</UniqueIdentifier>
    </Filter>
    <Filter Include="Runtime\Public">
      <UniqueIdentifier>{44FA4DA8-30C8-41AE-195C-B2D405C91D13}</UniqueIdentifier>
    </Filter>
    <Filter Include="Runtime\Public\Core">
      <UniqueIdentifier>{C97760AF-35D9-3DBD-BE46-846F2AA7747C}</UniqueIdentifier>
    </Filter>
    <Filter Include="Runtime\Public\Core\Async">
      <UniqueIdentifier>{035E8B55-6F20-BFDF-B8D0-4D6C24D297BD}</UniqueIdentifier>
    </Filter>
    <Filter Include="Runtime\Public\Core\Containers">
      <UniqueIdentifier>{1B0782B0-072D-4C17-F072-D1E2DC3771E3}</UniqueIdentifier>
    </Filter>
    <Filter Include="Runtime\Public\Core\HAL">
      <UniqueIdentifier>{1AE22CD7-8619-756E-8F23-D991FBD99B67}</UniqueIdentifier>
    </Filter>
    <Filter Include="Runtime\Public\Core\IO">
      <UniqueIdentifier>{3DE01035-29DA-3987-1247-D097FEDF9FF3}</UniqueIdentifier>
    </Filter>
    <Filter Include="Runtime\Public\Core\Log">
      <UniqueIdentifier>{27F92CD7-9330-756E-9C3A-D99108F19B67}</UniqueIdentifier>
    </Filter>
    <Filter Include="Runtime\Public\Core\Memory">
      <UniqueIdentifier>{FE20F121-EA30-9DF2-53EA-01113F198C8B}</UniqueIdentifier>
    </Filter>
    <Filter Include="Runtime\Public\Core\Memory\Allocators">
      <UniqueIdentifier>{6E184579-DADC-4369-A342-74330FC6DF9E}</UniqueIdentifier>
    </Filter>
    <Filter Include="Runtime\Public\Core\Misc">
      <UniqueIdentifier>{D192CCBC-BDB7-1B3D-E602-01CDD2861A5B}</UniqueIdentifier>
    </Filter>
    <Filter Include="Runtime\Public\Core\Platforms">
      <UniqueIdentifier>{1DD1BCFC-89E9-A326-5296-33C0BE6D38C0}</UniqueIdentifier>
    </Filter>
    <Filter Include="Runtime\Public\Core\Platforms\Windows">
      <UniqueIdentifier>{E4B3B6D0-5078-B5C0-19DE-E58A856151F6}</UniqueIdentifier>
    </Filter>
    <Filter Include="Runtime\Public\Core\Time">
      <UniqueIdentifier>{B468D0BC-A08D-1F3D-C9D8-04CDB55C1E5B}</UniqueIdentifier>
    </Filter>
    <Filter Include="Runtime\Public\Core\Trace">
      <UniqueIdentifier>{B43BE256-20FE-15E1-69AE-A46DD5AFEEBE}</UniqueIdentifier>
    </Filter>
    <Filter Include="ThirdParty">
      <UniqueIdentifier>{107145F9-FC28-8746-6530-60A251072237}</UniqueIdentifier>
    </Filter>
    <Filter Include="ThirdParty\wyhash">
      <UniqueIdentifier>{809F05D5-ECB5-036B-352D-8F8CA182D4F2}</UniqueIdentifier>
    </Filter>
    <Filter Include="ThirdParty\delegate">
      <UniqueIdentifier>{475512AA-B3B6-EFB7-3C24-366AA8842677}</UniqueIdentifier>
    </Filter>
    <Filter Include="ThirdParty\tracy">
      <UniqueIdentifier>{6FDE873C-5BD7-A68E-8409-8C137061869A}</UniqueIdentifier>
    </Filter>
    <Filter Include="ThirdParty\mimalloc">
      <UniqueIdentifier>{DA765B2E-46D8-383C-CF45-7FEE3BA66FFB}</UniqueIdentifier>
    </Filter>
    <Filter Include="Runtime\Private\Application">
      <UniqueIdentifier>{909695A7-FCA3-C38D-858A-BF78F1968F44}</UniqueIdentifier>
    </Filter>
    <Filter Include="Runtime\Private\Application\Platforms">
      <UniqueIdentifier>{A4548003-1019-7FF3-D97E-AFBD45021B29}</UniqueIdentifier>
    </Filter>
    <Filter Include="Runtime\Private\Application\Platforms\Windows">
      <UniqueIdentifier>{6BCEEC05-D73E-EF7E-A05D-69070C8D2780}</UniqueIdentifier>
    </Filter>
    <Filter Include="Runtime\Public\Application">
      <UniqueIdentifier>{1426D8C3-0036-8494-69EF-E8B2551E732D}</UniqueIdentifier>
    </Filter>
    <Filter Include="Runtime\Public\Application\Platforms">
      <UniqueIdentifier>{28194F67-1400-115F-BD50-777CA9168AC5}</UniqueIdentifier>
    </Filter>
    <Filter Include="Runtime\Public\Application\Platforms\Windows">
      <UniqueIdentifier>{EFD669AE-DBE9-6907-84D3-46F470C50655}</UniqueIdentifier>
    </Filter>
    <Filter Include="ThirdParty\imgui">
      <UniqueIdentifier>{C72EBE3B-B327-DD8D-DC59-C212C8B1BC99}</UniqueIdentifier>
    </Filter>
    <Filter Include="ThirdParty\imgui\backends">
      <UniqueIdentifier>{FE153EC3-6AD8-714D-B388-00DA1F8A4A2B}</UniqueIdentifier>
    </Filter>
    <Filter Include="Runtime\Private\Engine">
      <UniqueIdentifier>{3211AADF-1E0B-D331-0778-6942F310399E}</UniqueIdentifier>
    </Filter>
    <Filter Include="Runtime\Private\Engine\Application">
      <UniqueIdentifier>{021260DA-EE4D-6344-5760-7B3B43BB0B5F}</UniqueIdentifier>
    </Filter>
    <Filter Include="Runtime\Public\Engine">
      <UniqueIdentifier>{36DEEF0D-A24A-AB08-6B3E-4366D769CD70}</UniqueIdentifier>
    </Filter>
    <Filter Include="Runtime\Public\Engine\Application">
      <UniqueIdentifier>{06853DF0-72F3-926F-BBDC-4D6F278A880B}</UniqueIdentifier>
    </Filter>
  </ItemGroup>
  <ItemGroup>
    <None Include="ThirdParty\imgui\LICENSE.txt">
      <Filter>ThirdParty\imgui</Filter>
    </None>
  </ItemGroup>
  <ItemGroup>
    <ClInclude Include="Runtime\Public\Core\Build.h">
      <Filter>Runtime\Public\Core</Filter>
    </ClInclude>
    <ClInclude Include="Runtime\Public\Core\CommandLine.h">
      <Filter>Runtime\Public\Core</Filter>
    </ClInclude>
    <ClInclude Include="Runtime\Public\Core\CoreAssert.h">
      <Filter>Runtime\Public\Core</Filter>
    </ClInclude>
    <ClInclude Include="Runtime\Public\Core\CoreMinimal.h">
      <Filter>Runtime\Public\Core</Filter>
    </ClInclude>
    <ClInclude Include="Runtime\Public\Core\CorePlatform.h">
      <Filter>Runtime\Public\Core</Filter>
    </ClInclude>
    <ClInclude Include="Runtime\Public\Core\CoreTypes.h">
      <Filter>Runtime\Public\Core</Filter>
    </ClInclude>
    <ClInclude Include="Runtime\Public\Core\Async\CallableJob.h">
      <Filter>Runtime\Public\Core\Async</Filter>
    </ClInclude>
    <ClInclude Include="Runtime\Public\Core\Async\ITaskGraphNode.h">
      <Filter>Runtime\Public\Core\Async</Filter>
    </ClInclude>
    <ClInclude Include="Runtime\Public\Core\Async\ScopedLock.h">
      <Filter>Runtime\Public\Core\Async</Filter>
    </ClInclude>
    <ClInclude Include="Runtime\Public\Core\Async\Task.h">
      <Filter>Runtime\Public\Core\Async</Filter>
    </ClInclude>
    <ClInclude Include="Runtime\Public\Core\Async\TaskGraph.h">
      <Filter>Runtime\Public\Core\Async</Filter>
    </ClInclude>
    <ClInclude Include="Runtime\Public\Core\Async\Thread.h">
      <Filter>Runtime\Public\Core\Async</Filter>
    </ClInclude>
    <ClInclude Include="Runtime\Public\Core\Async\ThreadedJob.h">
      <Filter>Runtime\Public\Core\Async</Filter>
    </ClInclude>
    <ClInclude Include="Runtime\Public\Core\Containers\Map.h">
      <Filter>Runtime\Public\Core\Containers</Filter>
    </ClInclude>
    <ClInclude Include="Runtime\Public\Core\Containers\Set.h">
      <Filter>Runtime\Public\Core\Containers</Filter>
    </ClInclude>
    <ClInclude Include="Runtime\Public\Core\Containers\Vector.h">
      <Filter>Runtime\Public\Core\Containers</Filter>
    </ClInclude>
    <ClInclude Include="Runtime\Public\Core\HAL\Misc.h">
      <Filter>Runtime\Public\Core\HAL</Filter>
    </ClInclude>
    <ClInclude Include="Runtime\Public\Core\IO\IO.h">
      <Filter>Runtime\Public\Core\IO</Filter>
    </ClInclude>
    <ClInclude Include="Runtime\Public\Core\Log\Log.h">
      <Filter>Runtime\Public\Core\Log</Filter>
    </ClInclude>
    <ClInclude Include="Runtime\Public\Core\Log\LogMacros.h">
      <Filter>Runtime\Public\Core\Log</Filter>
    </ClInclude>
    <ClInclude Include="Runtime\Public\Core\Memory\Memory.h">
      <Filter>Runtime\Public\Core\Memory</Filter>
    </ClInclude>
    <ClInclude Include="Runtime\Public\Core\Memory\VirtualMemory.h">
      <Filter>Runtime\Public\Core\Memory</Filter>
    </ClInclude>
    <ClInclude Include="Runtime\Public\Core\Memory\Allocators\BaseAllocator.h">
      <Filter>Runtime\Public\Core\Memory\Allocators</Filter>
    </ClInclude>
    <ClInclude Include="Runtime\Public\Core\Memory\Allocators\Mimalloc.hpp">
      <Filter>Runtime\Public\Core\Memory\Allocators</Filter>
    </ClInclude>
    <ClInclude Include="Runtime\Public\Core\Misc\Event.h">
      <Filter>Runtime\Public\Core\Misc</Filter>
    </ClInclude>
    <ClInclude Include="Runtime\Public\Core\Misc\Guid.h">
      <Filter>Runtime\Public\Core\Misc</Filter>
    </ClInclude>
    <ClInclude Include="Runtime\Public\Core\Misc\Hash.h">
      <Filter>Runtime\Public\Core\Misc</Filter>
    </ClInclude>
    <ClInclude Include="Runtime\Public\Core\Misc\Name.h">
      <Filter>Runtime\Public\Core\Misc</Filter>
    </ClInclude>
    <ClInclude Include="Runtime\Public\Core\Misc\Random.h">
      <Filter>Runtime\Public\Core\Misc</Filter>
    </ClInclude>
    <ClInclude Include="Runtime\Public\Core\Platforms\Windows\WindowsAPI.h">
      <Filter>Runtime\Public\Core\Platforms\Windows</Filter>
    </ClInclude>
    <ClInclude Include="Runtime\Public\Core\Platforms\Windows\WindowsCriticalSection.h">
      <Filter>Runtime\Public\Core\Platforms\Windows</Filter>
    </ClInclude>
    <ClInclude Include="Runtime\Public\Core\Platforms\Windows\WindowsMemory.h">
      <Filter>Runtime\Public\Core\Platforms\Windows</Filter>
    </ClInclude>
    <ClInclude Include="Runtime\Public\Core\Platforms\Windows\WindowsMisc.h">
      <Filter>Runtime\Public\Core\Platforms\Windows</Filter>
    </ClInclude>
    <ClInclude Include="Runtime\Public\Core\Platforms\Windows\WindowsPrivate.h">
      <Filter>Runtime\Public\Core\Platforms\Windows</Filter>
    </ClInclude>
    <ClInclude Include="Runtime\Public\Core\Platforms\Windows\WindowsPublic.h">
      <Filter>Runtime\Public\Core\Platforms\Windows</Filter>
    </ClInclude>
    <ClInclude Include="Runtime\Public\Core\Platforms\Windows\WindowsThread.h">
      <Filter>Runtime\Public\Core\Platforms\Windows</Filter>
    </ClInclude>
    <ClInclude Include="Runtime\Public\Core\Platforms\Windows\WindowsThreads.h">
      <Filter>Runtime\Public\Core\Platforms\Windows</Filter>
    </ClInclude>
    <ClInclude Include="Runtime\Public\Core\Platforms\Windows\WindowsTypes.h">
      <Filter>Runtime\Public\Core\Platforms\Windows</Filter>
    </ClInclude>
    <ClInclude Include="Runtime\Public\Core\Time\Time.h">
      <Filter>Runtime\Public\Core\Time</Filter>
    </ClInclude>
    <ClInclude Include="Runtime\Public\Core\Trace\Trace.h">
      <Filter>Runtime\Public\Core\Trace</Filter>
    </ClInclude>
    <ClInclude Include="ThirdParty\wyhash\wyhash.h">
      <Filter>ThirdParty\wyhash</Filter>
    </ClInclude>
    <ClInclude Include="ThirdParty\delegate\delegate.hpp">
      <Filter>ThirdParty\delegate</Filter>
    </ClInclude>
    <ClInclude Include="ThirdParty\mimalloc\mimalloc.h">
      <Filter>ThirdParty\mimalloc</Filter>
    </ClInclude>
    <ClInclude Include="Runtime\Public\Application\AppEventHandler.h">
      <Filter>Runtime\Public\Application</Filter>
    </ClInclude>
    <ClInclude Include="Runtime\Public\Application\Application.h">
      <Filter>Runtime\Public\Application</Filter>
    </ClInclude>
    <ClInclude Include="Runtime\Public\Application\ApplicationInput.h">
      <Filter>Runtime\Public\Application</Filter>
    </ClInclude>
    <ClInclude Include="Runtime\Public\Application\Platforms\Windows\SDLApplication.h">
      <Filter>Runtime\Public\Application\Platforms\Windows</Filter>
    </ClInclude>
    <ClInclude Include="Runtime\Public\Application\Platforms\Windows\SDLWindow.h">
      <Filter>Runtime\Public\Application\Platforms\Windows</Filter>
    </ClInclude>
    <ClInclude Include="ThirdParty\imgui\imconfig.h">
      <Filter>ThirdParty\imgui</Filter>
    </ClInclude>
    <ClInclude Include="ThirdParty\imgui\imgui.h">
      <Filter>ThirdParty\imgui</Filter>
    </ClInclude>
    <ClInclude Include="ThirdParty\imgui\imgui_internal.h">
      <Filter>ThirdParty\imgui</Filter>
    </ClInclude>
    <ClInclude Include="ThirdParty\imgui\imstb_rectpack.h">
      <Filter>ThirdParty\imgui</Filter>
    </ClInclude>
    <ClInclude Include="ThirdParty\imgui\imstb_textedit.h">
      <Filter>ThirdParty\imgui</Filter>
    </ClInclude>
    <ClInclude Include="ThirdParty\imgui\imstb_truetype.h">
      <Filter>ThirdParty\imgui</Filter>
    </ClInclude>
    <ClInclude Include="ThirdParty\imgui\backends\imgui_impl_sdl.h">
      <Filter>ThirdParty\imgui\backends</Filter>
    </ClInclude>
    <ClInclude Include="Runtime\Public\Engine\Engine.h">
      <Filter>Runtime\Public\Engine</Filter>
    </ClInclude>
    <ClInclude Include="Runtime\Public\Engine\Application\AppEventHandlerImpl.h">
      <Filter>Runtime\Public\Engine\Application</Filter>
    </ClInclude>
  </ItemGroup>
  <ItemGroup>
    <ClCompile Include="Runtime\Private\Core\CommandLine.cpp">
      <Filter>Runtime\Private\Core</Filter>
    </ClCompile>
    <ClCompile Include="Runtime\Private\Core\Async\TaskGraph.cpp">
      <Filter>Runtime\Private\Core\Async</Filter>
    </ClCompile>
    <ClCompile Include="Runtime\Private\Core\Async\Thread.cpp">
      <Filter>Runtime\Private\Core\Async</Filter>
    </ClCompile>
    <ClCompile Include="Runtime\Private\Core\IO\IO.cpp">
      <Filter>Runtime\Private\Core\IO</Filter>
    </ClCompile>
    <ClCompile Include="Runtime\Private\Core\Log\Log.cpp">
      <Filter>Runtime\Private\Core\Log</Filter>
    </ClCompile>
    <ClCompile Include="Runtime\Private\Core\Memory\Memory.cpp">
      <Filter>Runtime\Private\Core\Memory</Filter>
    </ClCompile>
    <ClCompile Include="Runtime\Private\Core\Memory\VirtualMemory.cpp">
      <Filter>Runtime\Private\Core\Memory</Filter>
    </ClCompile>
    <ClCompile Include="Runtime\Private\Core\Memory\Allocators\BaseAllocator.cpp">
      <Filter>Runtime\Private\Core\Memory\Allocators</Filter>
    </ClCompile>
    <ClCompile Include="Runtime\Private\Core\Misc\Guid.cpp">
      <Filter>Runtime\Private\Core\Misc</Filter>
    </ClCompile>
    <ClCompile Include="Runtime\Private\Core\Misc\Name.cpp">
      <Filter>Runtime\Private\Core\Misc</Filter>
    </ClCompile>
    <ClCompile Include="Runtime\Private\Core\Platforms\Windows\WindowsAPI.cpp">
      <Filter>Runtime\Private\Core\Platforms\Windows</Filter>
    </ClCompile>
    <ClCompile Include="Runtime\Private\Core\Platforms\Windows\WindowsCriticalSection.cpp">
      <Filter>Runtime\Private\Core\Platforms\Windows</Filter>
    </ClCompile>
    <ClCompile Include="Runtime\Private\Core\Platforms\Windows\WindowsMemory.cpp">
      <Filter>Runtime\Private\Core\Platforms\Windows</Filter>
    </ClCompile>
    <ClCompile Include="Runtime\Private\Core\Platforms\Windows\WindowsMisc.cpp">
      <Filter>Runtime\Private\Core\Platforms\Windows</Filter>
    </ClCompile>
    <ClCompile Include="Runtime\Private\Core\Platforms\Windows\WindowsThread.cpp">
      <Filter>Runtime\Private\Core\Platforms\Windows</Filter>
    </ClCompile>
    <ClCompile Include="Runtime\Private\Core\Platforms\Windows\WindowsThreads.cpp">
      <Filter>Runtime\Private\Core\Platforms\Windows</Filter>
    </ClCompile>
    <ClCompile Include="Runtime\Private\Core\Time\Time.cpp">
      <Filter>Runtime\Private\Core\Time</Filter>
    </ClCompile>
    <ClCompile Include="ThirdParty\tracy\TracyClient.cpp">
      <Filter>ThirdParty\tracy</Filter>
    </ClCompile>
    <ClCompile Include="Runtime\Private\Application\AppEventHandler.cpp">
      <Filter>Runtime\Private\Application</Filter>
    </ClCompile>
    <ClCompile Include="Runtime\Private\Application\Application.cpp">
      <Filter>Runtime\Private\Application</Filter>
    </ClCompile>
    <ClCompile Include="Runtime\Private\Application\Platforms\Windows\SDLApplication.cpp">
      <Filter>Runtime\Private\Application\Platforms\Windows</Filter>
    </ClCompile>
    <ClCompile Include="Runtime\Private\Application\Platforms\Windows\SDLWindow.cpp">
      <Filter>Runtime\Private\Application\Platforms\Windows</Filter>
    </ClCompile>
    <ClCompile Include="ThirdParty\imgui\imgui.cpp">
      <Filter>ThirdParty\imgui</Filter>
    </ClCompile>
    <ClCompile Include="ThirdParty\imgui\imgui_demo.cpp">
      <Filter>ThirdParty\imgui</Filter>
    </ClCompile>
    <ClCompile Include="ThirdParty\imgui\imgui_draw.cpp">
      <Filter>ThirdParty\imgui</Filter>
    </ClCompile>
    <ClCompile Include="ThirdParty\imgui\imgui_tables.cpp">
      <Filter>ThirdParty\imgui</Filter>
    </ClCompile>
    <ClCompile Include="ThirdParty\imgui\imgui_widgets.cpp">
      <Filter>ThirdParty\imgui</Filter>
    </ClCompile>
    <ClCompile Include="ThirdParty\imgui\backends\imgui_impl_sdl.cpp">
      <Filter>ThirdParty\imgui\backends</Filter>
    </ClCompile>
    <ClCompile Include="Runtime\Private\Engine\Engine.cpp">
      <Filter>Runtime\Private\Engine</Filter>
    </ClCompile>
    <ClCompile Include="Runtime\Private\Engine\WindowsMain.cpp">
      <Filter>Runtime\Private\Engine</Filter>
    </ClCompile>
    <ClCompile Include="Runtime\Private\Engine\Application\AppEventHandlerImpl.cpp">
      <Filter>Runtime\Private\Engine\Application</Filter>
    </ClCompile>
  </ItemGroup>
</Project>
