<?xml version="1.0" encoding="utf-8"?>
<Project ToolsVersion="16.0" xmlns="http://schemas.microsoft.com/developer/msbuild/2003">
  <ItemGroup>
    <Filter Include="Platforms">
      <UniqueIdentifier>{DDACA145-4917-56BC-9255-0762FEFE3311}</UniqueIdentifier>
    </Filter>
    <Filter Include="Platforms\Public">
      <UniqueIdentifier>{58436423-443C-8375-6D6E-68FA59C66281}</UniqueIdentifier>
    </Filter>
    <Filter Include="Platforms\Public\Windows">
      <UniqueIdentifier>{1F315EF1-0B56-AD71-34A1-92012025AC8F}</UniqueIdentifier>
    </Filter>
    <Filter Include="Platforms\Public\Windows\Application">
      <UniqueIdentifier>{6F7D3617-5B64-F80E-04B5-5E2CF07A7175}</UniqueIdentifier>
    </Filter>
    <Filter Include="Platforms\Public\Windows\Core">
      <UniqueIdentifier>{842FDC17-F047-C341-B9F4-52DB25CC57DB}</UniqueIdentifier>
    </Filter>
    <Filter Include="Platforms\Public\Windows\Vulkan">
      <UniqueIdentifier>{AC9361AC-1877-70EC-217A-9E288DDC363D}</UniqueIdentifier>
    </Filter>
    <Filter Include="Platforms\Private">
      <UniqueIdentifier>{543C7189-C052-6F1F-09CA-FA40751F40A7}</UniqueIdentifier>
    </Filter>
    <Filter Include="Platforms\Private\Windows">
      <UniqueIdentifier>{1B6662DB-8728-9665-D0D8-24F23CDA6E43}</UniqueIdentifier>
    </Filter>
    <Filter Include="Platforms\Private\Windows\Application">
      <UniqueIdentifier>{6B0CB696-D7D0-B486-A036-E5500CBA50BC}</UniqueIdentifier>
    </Filter>
    <Filter Include="Platforms\Private\Windows\Core">
      <UniqueIdentifier>{00E2747C-EC07-3FE3-D54D-C4AEC11264AF}</UniqueIdentifier>
    </Filter>
    <Filter Include="Platforms\Private\Windows\Vulkan">
      <UniqueIdentifier>{28D5F099-1426-DCDB-3D8A-CA9D293A6F45}</UniqueIdentifier>
    </Filter>
    <Filter Include="ThirdParty">
      <UniqueIdentifier>{107145F9-FC28-8746-6530-60A251072237}</UniqueIdentifier>
    </Filter>
    <Filter Include="ThirdParty\mimalloc">
      <UniqueIdentifier>{DA765B2E-46D8-383C-CF45-7FEE3BA66FFB}</UniqueIdentifier>
    </Filter>
    <Filter Include="Runtime">
      <UniqueIdentifier>{4995DAC4-B574-5960-BE8C-E4362AEBBFC1}</UniqueIdentifier>
    </Filter>
    <Filter Include="Runtime\Private">
      <UniqueIdentifier>{C0D091AB-2C5C-FF6F-356D-8264A1775B70}</UniqueIdentifier>
    </Filter>
    <Filter Include="Runtime\Private\Core">
      <UniqueIdentifier>{C5BBB985-B14A-434F-5A69-574A46D753F5}</UniqueIdentifier>
    </Filter>
    <Filter Include="Runtime\Private\Core\Async">
      <UniqueIdentifier>{FFAEDE0E-EBBE-8ADF-5478-EFFD40A77978}</UniqueIdentifier>
    </Filter>
    <Filter Include="Runtime\Private\Core\IO">
      <UniqueIdentifier>{B972113E-25AA-59D5-2EB4-BDF89A6A80CE}</UniqueIdentifier>
    </Filter>
    <Filter Include="Runtime\Private\Core\Log">
      <UniqueIdentifier>{23DB3F00-0F00-8F80-384B-741024CF8D9E}</UniqueIdentifier>
    </Filter>
    <Filter Include="Runtime\Private\Core\Memory">
      <UniqueIdentifier>{7A91AE05-E69E-DCEB-6F85-D8D6DB91A8A2}</UniqueIdentifier>
    </Filter>
    <Filter Include="Runtime\Private\Core\Memory\Allocators">
      <UniqueIdentifier>{6AC39D9B-5615-758B-3F34-B29B2B258E74}</UniqueIdentifier>
    </Filter>
    <Filter Include="Runtime\Private\Core\Misc">
      <UniqueIdentifier>{4DB43B08-B976-6F92-0227-FE1E6E284870}</UniqueIdentifier>
    </Filter>
    <Filter Include="Runtime\Private\Core\Time">
      <UniqueIdentifier>{308A3F08-9C4C-7392-E5FC-011F51FE4B70}</UniqueIdentifier>
    </Filter>
    <Filter Include="Runtime\Public">
      <UniqueIdentifier>{44FA4DA8-30C8-41AE-195C-B2D405C91D13}</UniqueIdentifier>
    </Filter>
    <Filter Include="Runtime\Public\Core">
      <UniqueIdentifier>{C97760AF-35D9-3DBD-BE46-846F2AA7747C}</UniqueIdentifier>
    </Filter>
    <Filter Include="Runtime\Public\Core\Async">
      <UniqueIdentifier>{035E8B55-6F20-BFDF-B8D0-4D6C24D297BD}</UniqueIdentifier>
    </Filter>
    <Filter Include="Runtime\Public\Core\Containers">
      <UniqueIdentifier>{1B0782B0-072D-4C17-F072-D1E2DC3771E3}</UniqueIdentifier>
    </Filter>
    <Filter Include="Runtime\Public\Core\HAL">
      <UniqueIdentifier>{1AE22CD7-8619-756E-8F23-D991FBD99B67}</UniqueIdentifier>
    </Filter>
    <Filter Include="Runtime\Public\Core\IO">
      <UniqueIdentifier>{3DE01035-29DA-3987-1247-D097FEDF9FF3}</UniqueIdentifier>
    </Filter>
    <Filter Include="Runtime\Public\Core\Log">
      <UniqueIdentifier>{27F92CD7-9330-756E-9C3A-D99108F19B67}</UniqueIdentifier>
    </Filter>
    <Filter Include="Runtime\Public\Core\Memory">
      <UniqueIdentifier>{FE20F121-EA30-9DF2-53EA-01113F198C8B}</UniqueIdentifier>
    </Filter>
    <Filter Include="Runtime\Public\Core\Memory\Allocators">
      <UniqueIdentifier>{6E184579-DADC-4369-A342-74330FC6DF9E}</UniqueIdentifier>
    </Filter>
    <Filter Include="Runtime\Public\Core\Misc">
      <UniqueIdentifier>{D192CCBC-BDB7-1B3D-E602-01CDD2861A5B}</UniqueIdentifier>
    </Filter>
    <Filter Include="Runtime\Public\Core\Time">
      <UniqueIdentifier>{B468D0BC-A08D-1F3D-C9D8-04CDB55C1E5B}</UniqueIdentifier>
    </Filter>
    <Filter Include="Runtime\Public\Core\Trace">
      <UniqueIdentifier>{B43BE256-20FE-15E1-69AE-A46DD5AFEEBE}</UniqueIdentifier>
    </Filter>
    <Filter Include="ThirdParty\wyhash">
      <UniqueIdentifier>{809F05D5-ECB5-036B-352D-8F8CA182D4F2}</UniqueIdentifier>
    </Filter>
    <Filter Include="ThirdParty\delegate">
      <UniqueIdentifier>{475512AA-B3B6-EFB7-3C24-366AA8842677}</UniqueIdentifier>
    </Filter>
    <Filter Include="ThirdParty\tracy">
      <UniqueIdentifier>{6FDE873C-5BD7-A68E-8409-8C137061869A}</UniqueIdentifier>
    </Filter>
    <Filter Include="Runtime\Private\Application">
      <UniqueIdentifier>{909695A7-FCA3-C38D-858A-BF78F1968F44}</UniqueIdentifier>
    </Filter>
    <Filter Include="Runtime\Public\Application">
      <UniqueIdentifier>{1426D8C3-0036-8494-69EF-E8B2551E732D}</UniqueIdentifier>
    </Filter>
    <Filter Include="Runtime\Private\Engine">
      <UniqueIdentifier>{3211AADF-1E0B-D331-0778-6942F310399E}</UniqueIdentifier>
    </Filter>
    <Filter Include="Runtime\Private\Engine\Application">
      <UniqueIdentifier>{021260DA-EE4D-6344-5760-7B3B43BB0B5F}</UniqueIdentifier>
    </Filter>
    <Filter Include="Runtime\Private\Engine\RHI">
      <UniqueIdentifier>{713307DC-5D43-B3AC-C6FC-17CBB22BA245}</UniqueIdentifier>
    </Filter>
    <Filter Include="Runtime\Private\Engine\RHI\Vulkan">
      <UniqueIdentifier>{BE85AA0F-2AF4-FF8E-73DD-BA8EDF8AF52A}</UniqueIdentifier>
    </Filter>
    <Filter Include="Runtime\Public\Engine">
      <UniqueIdentifier>{36DEEF0D-A24A-AB08-6B3E-4366D769CD70}</UniqueIdentifier>
    </Filter>
    <Filter Include="Runtime\Public\Engine\Application">
      <UniqueIdentifier>{06853DF0-72F3-926F-BBDC-4D6F278A880B}</UniqueIdentifier>
    </Filter>
    <Filter Include="Runtime\Public\Engine\RHI">
      <UniqueIdentifier>{75E2B322-E1A4-E7AC-2A55-76399656C08A}</UniqueIdentifier>
    </Filter>
    <Filter Include="Runtime\Public\Engine\RHI\Vulkan">
      <UniqueIdentifier>{42A8634E-2EF9-4E90-575D-3D52430DE2F9}</UniqueIdentifier>
    </Filter>
    <Filter Include="ThirdParty\vk_mem_alloc">
      <UniqueIdentifier>{95250CFD-015D-5494-0A67-B8B7761D7B8D}</UniqueIdentifier>
    </Filter>
    <Filter Include="Editor">
      <UniqueIdentifier>{8C1A20B0-78BC-4A86-6177-5EDA4DB8D1D6}</UniqueIdentifier>
    </Filter>
    <Filter Include="Editor\Private">
      <UniqueIdentifier>{03E91D2F-EFB6-1135-D84A-825BC4B7ED99}</UniqueIdentifier>
    </Filter>
    <Filter Include="Editor\Private\ImGui">
      <UniqueIdentifier>{BAF817D5-A687-A19E-4FA6-B5993B14B244}</UniqueIdentifier>
    </Filter>
    <Filter Include="Editor\Private\ImGui\Vulkan">
      <UniqueIdentifier>{E75E513E-536C-7F24-DC52-7B0F485F4BDB}</UniqueIdentifier>
    </Filter>
    <Filter Include="Editor\Public">
      <UniqueIdentifier>{2796C69C-9356-42D3-5C91-8B50C81087AF}</UniqueIdentifier>
    </Filter>
    <Filter Include="Editor\Public\ImGui">
      <UniqueIdentifier>{DEF0FECE-4A52-DCDC-D3BF-228F3F20139C}</UniqueIdentifier>
    </Filter>
    <Filter Include="ThirdParty\imgui">
      <UniqueIdentifier>{C72EBE3B-B327-DD8D-DC59-C212C8B1BC99}</UniqueIdentifier>
    </Filter>
    <Filter Include="ThirdParty\imgui\backends">
      <UniqueIdentifier>{FE153EC3-6AD8-714D-B388-00DA1F8A4A2B}</UniqueIdentifier>
    </Filter>
  </ItemGroup>
  <ItemGroup>
    <None Include="ThirdParty\imgui\LICENSE.txt">
      <Filter>ThirdParty\imgui</Filter>
    </None>
  </ItemGroup>
  <ItemGroup>
    <ClInclude Include="Platforms\Public\Windows\Application\SDLApplication.h">
      <Filter>Platforms\Public\Windows\Application</Filter>
    </ClInclude>
    <ClInclude Include="Platforms\Public\Windows\Application\SDLWindow.h">
      <Filter>Platforms\Public\Windows\Application</Filter>
    </ClInclude>
    <ClInclude Include="Platforms\Public\Windows\Core\WindowsAPI.h">
      <Filter>Platforms\Public\Windows\Core</Filter>
    </ClInclude>
    <ClInclude Include="Platforms\Public\Windows\Core\WindowsCriticalSection.h">
      <Filter>Platforms\Public\Windows\Core</Filter>
    </ClInclude>
    <ClInclude Include="Platforms\Public\Windows\Core\WindowsMemory.h">
      <Filter>Platforms\Public\Windows\Core</Filter>
    </ClInclude>
    <ClInclude Include="Platforms\Public\Windows\Core\WindowsMisc.h">
      <Filter>Platforms\Public\Windows\Core</Filter>
    </ClInclude>
    <ClInclude Include="Platforms\Public\Windows\Core\WindowsPrivate.h">
      <Filter>Platforms\Public\Windows\Core</Filter>
    </ClInclude>
    <ClInclude Include="Platforms\Public\Windows\Core\WindowsPublic.h">
      <Filter>Platforms\Public\Windows\Core</Filter>
    </ClInclude>
    <ClInclude Include="Platforms\Public\Windows\Core\WindowsThread.h">
      <Filter>Platforms\Public\Windows\Core</Filter>
    </ClInclude>
    <ClInclude Include="Platforms\Public\Windows\Core\WindowsThreads.h">
      <Filter>Platforms\Public\Windows\Core</Filter>
    </ClInclude>
    <ClInclude Include="Platforms\Public\Windows\Core\WindowsTypes.h">
      <Filter>Platforms\Public\Windows\Core</Filter>
    </ClInclude>
    <ClInclude Include="Platforms\Public\Windows\Vulkan\WindowsVulkan.h">
      <Filter>Platforms\Public\Windows\Vulkan</Filter>
    </ClInclude>
    <ClInclude Include="ThirdParty\mimalloc\mimalloc.h">
      <Filter>ThirdParty\mimalloc</Filter>
    </ClInclude>
    <ClInclude Include="Runtime\Public\Core\Build.h">
      <Filter>Runtime\Public\Core</Filter>
    </ClInclude>
    <ClInclude Include="Runtime\Public\Core\CommandLine.h">
      <Filter>Runtime\Public\Core</Filter>
    </ClInclude>
    <ClInclude Include="Runtime\Public\Core\CoreAssert.h">
      <Filter>Runtime\Public\Core</Filter>
    </ClInclude>
    <ClInclude Include="Runtime\Public\Core\CoreMinimal.h">
      <Filter>Runtime\Public\Core</Filter>
    </ClInclude>
    <ClInclude Include="Runtime\Public\Core\CorePlatform.h">
      <Filter>Runtime\Public\Core</Filter>
    </ClInclude>
    <ClInclude Include="Runtime\Public\Core\CoreTypes.h">
      <Filter>Runtime\Public\Core</Filter>
    </ClInclude>
    <ClInclude Include="Runtime\Public\Core\Async\CallableJob.h">
      <Filter>Runtime\Public\Core\Async</Filter>
    </ClInclude>
    <ClInclude Include="Runtime\Public\Core\Async\ITaskGraphNode.h">
      <Filter>Runtime\Public\Core\Async</Filter>
    </ClInclude>
    <ClInclude Include="Runtime\Public\Core\Async\ScopedLock.h">
      <Filter>Runtime\Public\Core\Async</Filter>
    </ClInclude>
    <ClInclude Include="Runtime\Public\Core\Async\Task.h">
      <Filter>Runtime\Public\Core\Async</Filter>
    </ClInclude>
    <ClInclude Include="Runtime\Public\Core\Async\TaskGraph.h">
      <Filter>Runtime\Public\Core\Async</Filter>
    </ClInclude>
    <ClInclude Include="Runtime\Public\Core\Async\Thread.h">
      <Filter>Runtime\Public\Core\Async</Filter>
    </ClInclude>
    <ClInclude Include="Runtime\Public\Core\Async\ThreadedJob.h">
      <Filter>Runtime\Public\Core\Async</Filter>
    </ClInclude>
    <ClInclude Include="Runtime\Public\Core\Containers\Map.h">
      <Filter>Runtime\Public\Core\Containers</Filter>
    </ClInclude>
    <ClInclude Include="Runtime\Public\Core\Containers\Set.h">
      <Filter>Runtime\Public\Core\Containers</Filter>
    </ClInclude>
    <ClInclude Include="Runtime\Public\Core\Containers\Vector.h">
      <Filter>Runtime\Public\Core\Containers</Filter>
    </ClInclude>
    <ClInclude Include="Runtime\Public\Core\HAL\Misc.h">
      <Filter>Runtime\Public\Core\HAL</Filter>
    </ClInclude>
    <ClInclude Include="Runtime\Public\Core\IO\IO.h">
      <Filter>Runtime\Public\Core\IO</Filter>
    </ClInclude>
    <ClInclude Include="Runtime\Public\Core\Log\Log.h">
      <Filter>Runtime\Public\Core\Log</Filter>
    </ClInclude>
    <ClInclude Include="Runtime\Public\Core\Log\LogMacros.h">
      <Filter>Runtime\Public\Core\Log</Filter>
    </ClInclude>
    <ClInclude Include="Runtime\Public\Core\Memory\Memory.h">
      <Filter>Runtime\Public\Core\Memory</Filter>
    </ClInclude>
    <ClInclude Include="Runtime\Public\Core\Memory\VirtualMemory.h">
      <Filter>Runtime\Public\Core\Memory</Filter>
    </ClInclude>
    <ClInclude Include="Runtime\Public\Core\Memory\Allocators\BaseAllocator.h">
      <Filter>Runtime\Public\Core\Memory\Allocators</Filter>
    </ClInclude>
    <ClInclude Include="Runtime\Public\Core\Memory\Allocators\Mimalloc.hpp">
      <Filter>Runtime\Public\Core\Memory\Allocators</Filter>
    </ClInclude>
    <ClInclude Include="Runtime\Public\Core\Misc\Event.h">
      <Filter>Runtime\Public\Core\Misc</Filter>
    </ClInclude>
    <ClInclude Include="Runtime\Public\Core\Misc\Guid.h">
      <Filter>Runtime\Public\Core\Misc</Filter>
    </ClInclude>
    <ClInclude Include="Runtime\Public\Core\Misc\Hash.h">
      <Filter>Runtime\Public\Core\Misc</Filter>
    </ClInclude>
    <ClInclude Include="Runtime\Public\Core\Misc\Name.h">
      <Filter>Runtime\Public\Core\Misc</Filter>
    </ClInclude>
    <ClInclude Include="Runtime\Public\Core\Misc\Random.h">
      <Filter>Runtime\Public\Core\Misc</Filter>
    </ClInclude>
    <ClInclude Include="Runtime\Public\Core\Time\Time.h">
      <Filter>Runtime\Public\Core\Time</Filter>
    </ClInclude>
    <ClInclude Include="Runtime\Public\Core\Trace\Trace.h">
      <Filter>Runtime\Public\Core\Trace</Filter>
    </ClInclude>
    <ClInclude Include="ThirdParty\wyhash\wyhash.h">
      <Filter>ThirdParty\wyhash</Filter>
    </ClInclude>
    <ClInclude Include="ThirdParty\delegate\delegate.hpp">
      <Filter>ThirdParty\delegate</Filter>
    </ClInclude>
    <ClInclude Include="Runtime\Public\Application\AppEventHandler.h">
      <Filter>Runtime\Public\Application</Filter>
    </ClInclude>
    <ClInclude Include="Runtime\Public\Application\Application.h">
      <Filter>Runtime\Public\Application</Filter>
    </ClInclude>
    <ClInclude Include="Runtime\Public\Application\ApplicationInput.h">
      <Filter>Runtime\Public\Application</Filter>
    </ClInclude>
    <ClInclude Include="Runtime\Public\Engine\Engine.h">
      <Filter>Runtime\Public\Engine</Filter>
    </ClInclude>
    <ClInclude Include="Runtime\Public\Engine\Application\AppEventHandlerImpl.h">
      <Filter>Runtime\Public\Engine\Application</Filter>
    </ClInclude>
    <ClInclude Include="Runtime\Public\Engine\RHI\RHI.h">
      <Filter>Runtime\Public\Engine\RHI</Filter>
    </ClInclude>
    <ClInclude Include="Runtime\Public\Engine\RHI\RHIDevice.h">
      <Filter>Runtime\Public\Engine\RHI</Filter>
    </ClInclude>
    <ClInclude Include="Runtime\Public\Engine\RHI\Vulkan\Vulkan.h">
      <Filter>Runtime\Public\Engine\RHI\Vulkan</Filter>
    </ClInclude>
    <ClInclude Include="Runtime\Public\Engine\RHI\Vulkan\VulkanGPU.h">
      <Filter>Runtime\Public\Engine\RHI\Vulkan</Filter>
    </ClInclude>
    <ClInclude Include="Runtime\Public\Engine\RHI\Vulkan\VulkanPlatform.h">
      <Filter>Runtime\Public\Engine\RHI\Vulkan</Filter>
    </ClInclude>
    <ClInclude Include="ThirdParty\vk_mem_alloc\vk_mem_alloc.h">
      <Filter>ThirdParty\vk_mem_alloc</Filter>
    </ClInclude>
    <ClInclude Include="ThirdParty\vk_mem_alloc\vk_mem_alloc.hpp">
      <Filter>ThirdParty\vk_mem_alloc</Filter>
    </ClInclude>
    <ClInclude Include="ThirdParty\vk_mem_alloc\vk_mem_alloc_enums.hpp">
      <Filter>ThirdParty\vk_mem_alloc</Filter>
    </ClInclude>
    <ClInclude Include="ThirdParty\vk_mem_alloc\vk_mem_alloc_funcs.hpp">
      <Filter>ThirdParty\vk_mem_alloc</Filter>
    </ClInclude>
    <ClInclude Include="ThirdParty\vk_mem_alloc\vk_mem_alloc_handles.hpp">
      <Filter>ThirdParty\vk_mem_alloc</Filter>
    </ClInclude>
    <ClInclude Include="ThirdParty\vk_mem_alloc\vk_mem_alloc_raii.hpp">
      <Filter>ThirdParty\vk_mem_alloc</Filter>
    </ClInclude>
    <ClInclude Include="ThirdParty\vk_mem_alloc\vk_mem_alloc_structs.hpp">
      <Filter>ThirdParty\vk_mem_alloc</Filter>
    </ClInclude>
    <ClInclude Include="Editor\Public\ImGui\ImGuiApp.h">
      <Filter>Editor\Public\ImGui</Filter>
    </ClInclude>
    <ClInclude Include="Editor\Public\ImGui\RHIImGui.h">
      <Filter>Editor\Public\ImGui</Filter>
    </ClInclude>
    <ClInclude Include="ThirdParty\imgui\imconfig.h">
      <Filter>ThirdParty\imgui</Filter>
    </ClInclude>
    <ClInclude Include="ThirdParty\imgui\imgui.h">
      <Filter>ThirdParty\imgui</Filter>
    </ClInclude>
    <ClInclude Include="ThirdParty\imgui\imgui_internal.h">
      <Filter>ThirdParty\imgui</Filter>
    </ClInclude>
    <ClInclude Include="ThirdParty\imgui\imstb_rectpack.h">
      <Filter>ThirdParty\imgui</Filter>
    </ClInclude>
    <ClInclude Include="ThirdParty\imgui\imstb_textedit.h">
      <Filter>ThirdParty\imgui</Filter>
    </ClInclude>
    <ClInclude Include="ThirdParty\imgui\imstb_truetype.h">
      <Filter>ThirdParty\imgui</Filter>
    </ClInclude>
    <ClInclude Include="ThirdParty\imgui\backends\imgui_impl_sdl.h">
      <Filter>ThirdParty\imgui\backends</Filter>
    </ClInclude>
    <ClInclude Include="ThirdParty\imgui\backends\imgui_impl_vulkan.h">
      <Filter>ThirdParty\imgui\backends</Filter>
    </ClInclude>
  </ItemGroup>
  <ItemGroup>
    <ClCompile Include="Platforms\Private\Windows\Application\SDLApplication.cpp">
      <Filter>Platforms\Private\Windows\Application</Filter>
    </ClCompile>
    <ClCompile Include="Platforms\Private\Windows\Application\SDLWindow.cpp">
      <Filter>Platforms\Private\Windows\Application</Filter>
    </ClCompile>
    <ClCompile Include="Platforms\Private\Windows\Core\WindowsAPI.cpp">
      <Filter>Platforms\Private\Windows\Core</Filter>
    </ClCompile>
    <ClCompile Include="Platforms\Private\Windows\Core\WindowsCriticalSection.cpp">
      <Filter>Platforms\Private\Windows\Core</Filter>
    </ClCompile>
    <ClCompile Include="Platforms\Private\Windows\Core\WindowsMemory.cpp">
      <Filter>Platforms\Private\Windows\Core</Filter>
    </ClCompile>
    <ClCompile Include="Platforms\Private\Windows\Core\WindowsMisc.cpp">
      <Filter>Platforms\Private\Windows\Core</Filter>
    </ClCompile>
    <ClCompile Include="Platforms\Private\Windows\Core\WindowsThread.cpp">
      <Filter>Platforms\Private\Windows\Core</Filter>
    </ClCompile>
    <ClCompile Include="Platforms\Private\Windows\Core\WindowsThreads.cpp">
      <Filter>Platforms\Private\Windows\Core</Filter>
    </ClCompile>
    <ClCompile Include="Platforms\Private\Windows\Vulkan\WindowsVulkan.cpp">
      <Filter>Platforms\Private\Windows\Vulkan</Filter>
    </ClCompile>
    <ClCompile Include="Runtime\Private\Core\CommandLine.cpp">
      <Filter>Runtime\Private\Core</Filter>
    </ClCompile>
    <ClCompile Include="Runtime\Private\Core\Async\TaskGraph.cpp">
      <Filter>Runtime\Private\Core\Async</Filter>
    </ClCompile>
    <ClCompile Include="Runtime\Private\Core\Async\Thread.cpp">
      <Filter>Runtime\Private\Core\Async</Filter>
    </ClCompile>
    <ClCompile Include="Runtime\Private\Core\IO\IO.cpp">
      <Filter>Runtime\Private\Core\IO</Filter>
    </ClCompile>
    <ClCompile Include="Runtime\Private\Core\Log\Log.cpp">
      <Filter>Runtime\Private\Core\Log</Filter>
    </ClCompile>
    <ClCompile Include="Runtime\Private\Core\Memory\Memory.cpp">
      <Filter>Runtime\Private\Core\Memory</Filter>
    </ClCompile>
    <ClCompile Include="Runtime\Private\Core\Memory\VirtualMemory.cpp">
      <Filter>Runtime\Private\Core\Memory</Filter>
    </ClCompile>
    <ClCompile Include="Runtime\Private\Core\Memory\Allocators\BaseAllocator.cpp">
      <Filter>Runtime\Private\Core\Memory\Allocators</Filter>
    </ClCompile>
    <ClCompile Include="Runtime\Private\Core\Misc\Guid.cpp">
      <Filter>Runtime\Private\Core\Misc</Filter>
    </ClCompile>
    <ClCompile Include="Runtime\Private\Core\Misc\Name.cpp">
      <Filter>Runtime\Private\Core\Misc</Filter>
    </ClCompile>
    <ClCompile Include="Runtime\Private\Core\Time\Time.cpp">
      <Filter>Runtime\Private\Core\Time</Filter>
    </ClCompile>
    <ClCompile Include="ThirdParty\tracy\TracyClient.cpp">
      <Filter>ThirdParty\tracy</Filter>
    </ClCompile>
    <ClCompile Include="Runtime\Private\Application\AppEventHandler.cpp">
      <Filter>Runtime\Private\Application</Filter>
    </ClCompile>
    <ClCompile Include="Runtime\Private\Application\Application.cpp">
      <Filter>Runtime\Private\Application</Filter>
    </ClCompile>
    <ClCompile Include="Runtime\Private\Engine\Engine.cpp">
      <Filter>Runtime\Private\Engine</Filter>
    </ClCompile>
    <ClCompile Include="Runtime\Private\Engine\Application\AppEventHandlerImpl.cpp">
      <Filter>Runtime\Private\Engine\Application</Filter>
    </ClCompile>
    <ClCompile Include="Runtime\Private\Engine\RHI\RHIDevice.cpp">
      <Filter>Runtime\Private\Engine\RHI</Filter>
    </ClCompile>
    <ClCompile Include="Runtime\Private\Engine\RHI\Vulkan\Vulkan.cpp">
      <Filter>Runtime\Private\Engine\RHI\Vulkan</Filter>
    </ClCompile>
    <ClCompile Include="Runtime\Private\Engine\RHI\Vulkan\VulkanGPU.cpp">
      <Filter>Runtime\Private\Engine\RHI\Vulkan</Filter>
    </ClCompile>
    <ClCompile Include="Runtime\Private\Engine\RHI\Vulkan\VulkanRHI.cpp">
      <Filter>Runtime\Private\Engine\RHI\Vulkan</Filter>
    </ClCompile>
    <ClCompile Include="Editor\Private\WindowsMain.cpp">
      <Filter>Editor\Private</Filter>
    </ClCompile>
    <ClCompile Include="Editor\Private\ImGui\ImGuiApp.cpp">
      <Filter>Editor\Private\ImGui</Filter>
    </ClCompile>
    <ClCompile Include="Editor\Private\ImGui\Vulkan\VulkanImGui.cpp">
      <Filter>Editor\Private\ImGui\Vulkan</Filter>
    </ClCompile>
    <ClCompile Include="ThirdParty\imgui\imgui.cpp">
      <Filter>ThirdParty\imgui</Filter>
    </ClCompile>
    <ClCompile Include="ThirdParty\imgui\imgui_demo.cpp">
      <Filter>ThirdParty\imgui</Filter>
    </ClCompile>
    <ClCompile Include="ThirdParty\imgui\imgui_draw.cpp">
      <Filter>ThirdParty\imgui</Filter>
    </ClCompile>
    <ClCompile Include="ThirdParty\imgui\imgui_tables.cpp">
      <Filter>ThirdParty\imgui</Filter>
    </ClCompile>
    <ClCompile Include="ThirdParty\imgui\imgui_widgets.cpp">
      <Filter>ThirdParty\imgui</Filter>
    </ClCompile>
    <ClCompile Include="ThirdParty\imgui\backends\imgui_impl_sdl.cpp">
      <Filter>ThirdParty\imgui\backends</Filter>
    </ClCompile>
    <ClCompile Include="ThirdParty\imgui\backends\imgui_impl_vulkan.cpp">
      <Filter>ThirdParty\imgui\backends</Filter>
    </ClCompile>
  </ItemGroup>
</Project>
